// !$*UTF8*$!
{
	archiveVersion = 1;
	classes = {
	};
	objectVersion = 70;
	objects = {

/* Begin PBXBuildFile section */
		C917C6302C39AB5A0041AEC9 /* PlaybackPreview.swift in Sources */ = {isa = PBXBuildFile; fileRef = C917C62F2C39AB5A0041AEC9 /* PlaybackPreview.swift */; };
		C917C6342C39C98B0041AEC9 /* StatisticsPreview.swift in Sources */ = {isa = PBXBuildFile; fileRef = C917C6332C39C98B0041AEC9 /* StatisticsPreview.swift */; };
		C917C6382C39F34A0041AEC9 /* ServicesPreview.swift in Sources */ = {isa = PBXBuildFile; fileRef = C917C6372C39F34A0041AEC9 /* ServicesPreview.swift */; };
		C917C63A2C39FC670041AEC9 /* Emergency Alert History.swift in Sources */ = {isa = PBXBuildFile; fileRef = C917C6392C39FC670041AEC9 /* Emergency Alert History.swift */; };
		C917C63D2C3A1EB20041AEC9 /* PlaybackView.swift in Sources */ = {isa = PBXBuildFile; fileRef = C917C63C2C3A1EB20041AEC9 /* PlaybackView.swift */; };
		C917C63F2C3A1F080041AEC9 /* StatisticsView.swift in Sources */ = {isa = PBXBuildFile; fileRef = C917C63E2C3A1F080041AEC9 /* StatisticsView.swift */; };
		C917C6412C3A1F270041AEC9 /* EmergencyAlertHistoryView.swift in Sources */ = {isa = PBXBuildFile; fileRef = C917C6402C3A1F270041AEC9 /* EmergencyAlertHistoryView.swift */; };
		C917C6432C3A1F340041AEC9 /* ServicesView.swift in Sources */ = {isa = PBXBuildFile; fileRef = C917C6422C3A1F340041AEC9 /* ServicesView.swift */; };
		C917C64C2C3B22DF0041AEC9 /* ServicesButton.swift in Sources */ = {isa = PBXBuildFile; fileRef = C917C64B2C3B22DF0041AEC9 /* ServicesButton.swift */; };
		C917C64E2C3B4A5F0041AEC9 /* PurchaseService.swift in Sources */ = {isa = PBXBuildFile; fileRef = C917C64D2C3B4A5F0041AEC9 /* PurchaseService.swift */; };
		C917C6862C3F2F0F0041AEC9 /* EnvironmentSensor.swift in Sources */ = {isa = PBXBuildFile; fileRef = C917C6852C3F2F0F0041AEC9 /* EnvironmentSensor.swift */; };
		C917C6882C3F46AF0041AEC9 /* EnvironmentSensorVM.swift in Sources */ = {isa = PBXBuildFile; fileRef = C917C6872C3F46AF0041AEC9 /* EnvironmentSensorVM.swift */; };
		C917C6902C46E11E0041AEC9 /* SensorData.xcdatamodeld in Sources */ = {isa = PBXBuildFile; fileRef = C917C68E2C46E11E0041AEC9 /* SensorData.xcdatamodeld */; };
		C917C6922C46EF440041AEC9 /* DataManager.swift in Sources */ = {isa = PBXBuildFile; fileRef = C917C6912C46EF440041AEC9 /* DataManager.swift */; };
		C93AF1612C499EFE00D3B08D /* AccessoryPosition.swift in Sources */ = {isa = PBXBuildFile; fileRef = C93AF15F2C499EFE00D3B08D /* AccessoryPosition.swift */; };
		C93AF1622C499EFE00D3B08D /* AccessoryModel.swift in Sources */ = {isa = PBXBuildFile; fileRef = C93AF15E2C499EFE00D3B08D /* AccessoryModel.swift */; };
		C93AF1632C499EFE00D3B08D /* AccessorySessionManager.swift in Sources */ = {isa = PBXBuildFile; fileRef = C93AF1602C499EFE00D3B08D /* AccessorySessionManager.swift */; };
		C93AF1652C499F1800D3B08D /* PairedView.swift in Sources */ = {isa = PBXBuildFile; fileRef = C93AF1642C499F1800D3B08D /* PairedView.swift */; };
		C96856882C5070EF00769AE2 /* VideoPlayer.swift in Sources */ = {isa = PBXBuildFile; fileRef = C96856872C5070EF00769AE2 /* VideoPlayer.swift */; };
		C968568A2C5076B800769AE2 /* AVPlayerViewModel.swift in Sources */ = {isa = PBXBuildFile; fileRef = C96856892C5076B800769AE2 /* AVPlayerViewModel.swift */; };
		C96856A72C517CBB00769AE2 /* TempNotificationView.swift in Sources */ = {isa = PBXBuildFile; fileRef = C96856A62C517CBB00769AE2 /* TempNotificationView.swift */; };
		C96856A92C51AC8700769AE2 /* AuthViewModel.swift in Sources */ = {isa = PBXBuildFile; fileRef = C96856A82C51AC8700769AE2 /* AuthViewModel.swift */; };
		C96856AB2C52AA2400769AE2 /* TempGroupView.swift in Sources */ = {isa = PBXBuildFile; fileRef = C96856AA2C52AA2400769AE2 /* TempGroupView.swift */; };
		C96856AD2C53770400769AE2 /* EventView.swift in Sources */ = {isa = PBXBuildFile; fileRef = C96856AC2C53770400769AE2 /* EventView.swift */; };
		C98A16382C39105900D461E8 /* iOSApp.swift in Sources */ = {isa = PBXBuildFile; fileRef = C98A16372C39105900D461E8 /* iOSApp.swift */; };
		C98A163A2C39105900D461E8 /* ContentView.swift in Sources */ = {isa = PBXBuildFile; fileRef = C98A16392C39105900D461E8 /* ContentView.swift */; };
		C98A163C2C39105B00D461E8 /* Assets.xcassets in Resources */ = {isa = PBXBuildFile; fileRef = C98A163B2C39105B00D461E8 /* Assets.xcassets */; };
		C98A163F2C39105B00D461E8 /* Preview Assets.xcassets in Resources */ = {isa = PBXBuildFile; fileRef = C98A163E2C39105B00D461E8 /* Preview Assets.xcassets */; };
		C98A16492C39105C00D461E8 /* iOSTests.swift in Sources */ = {isa = PBXBuildFile; fileRef = C98A16482C39105C00D461E8 /* iOSTests.swift */; };
		C98A16532C39105C00D461E8 /* iOSUITests.swift in Sources */ = {isa = PBXBuildFile; fileRef = C98A16522C39105C00D461E8 /* iOSUITests.swift */; };
		C98A16552C39105C00D461E8 /* iOSUITestsLaunchTests.swift in Sources */ = {isa = PBXBuildFile; fileRef = C98A16542C39105C00D461E8 /* iOSUITestsLaunchTests.swift */; };
		C98A16652C3912A600D461E8 /* Home.swift in Sources */ = {isa = PBXBuildFile; fileRef = C98A16642C3912A600D461E8 /* Home.swift */; };
		C98A16672C3912B100D461E8 /* Automation.swift in Sources */ = {isa = PBXBuildFile; fileRef = C98A16662C3912B100D461E8 /* Automation.swift */; };
		C98A16692C3912BB00D461E8 /* Settings.swift in Sources */ = {isa = PBXBuildFile; fileRef = C98A16682C3912BB00D461E8 /* Settings.swift */; };
		C98A166C2C391F2400D461E8 /* HomeNotification.swift in Sources */ = {isa = PBXBuildFile; fileRef = C98A166B2C391F2400D461E8 /* HomeNotification.swift */; };
		C98A166E2C3924EB00D461E8 /* AddSensePopup.swift in Sources */ = {isa = PBXBuildFile; fileRef = C98A166D2C3924EB00D461E8 /* AddSensePopup.swift */; };
		C994DB552C50157E00D345BD /* Sign Up.swift in Sources */ = {isa = PBXBuildFile; fileRef = C994DB542C50157E00D345BD /* Sign Up.swift */; };
		C994DB572C501E1400D345BD /* Login.swift in Sources */ = {isa = PBXBuildFile; fileRef = C994DB562C501E1400D345BD /* Login.swift */; };
		C994DB592C502F6700D345BD /* RoomateGroup.swift in Sources */ = {isa = PBXBuildFile; fileRef = C994DB582C502F6700D345BD /* RoomateGroup.swift */; };
		C994DB5B2C504C3500D345BD /* LaunchViewModel.swift in Sources */ = {isa = PBXBuildFile; fileRef = C994DB5A2C504C3500D345BD /* LaunchViewModel.swift */; };
		C9A95ADD2C505414005151B0 /* AppDelegate.swift in Sources */ = {isa = PBXBuildFile; fileRef = C9A95ADC2C505414005151B0 /* AppDelegate.swift */; };
		C9A95ADF2C505562005151B0 /* Widget.swift in Sources */ = {isa = PBXBuildFile; fileRef = C9A95ADE2C505562005151B0 /* Widget.swift */; };
		C9A95AE72C505922005151B0 /* WidgetKit.framework in Frameworks */ = {isa = PBXBuildFile; fileRef = C9A95AE62C505922005151B0 /* WidgetKit.framework */; };
		C9A95AE92C505922005151B0 /* SwiftUI.framework in Frameworks */ = {isa = PBXBuildFile; fileRef = C9A95AE82C505922005151B0 /* SwiftUI.framework */; };
		C9A95AFA2C505924005151B0 /* StatisticsWidgetExtension.appex in Embed Foundation Extensions */ = {isa = PBXBuildFile; fileRef = C9A95AE42C505922005151B0 /* StatisticsWidgetExtension.appex */; settings = {ATTRIBUTES = (RemoveHeadersOnCopy, ); }; };
		C9C576942C4EB2B1005D350A /* WebView.swift in Sources */ = {isa = PBXBuildFile; fileRef = C9C576932C4EB2B1005D350A /* WebView.swift */; };
		C9FD4E852C48C8FD0095939C /* FilterHomeButton.swift in Sources */ = {isa = PBXBuildFile; fileRef = C9FD4E842C48C8FD0095939C /* FilterHomeButton.swift */; };
		C9FD4E872C497AE30095939C /* PaymentButton.swift in Sources */ = {isa = PBXBuildFile; fileRef = C9FD4E862C497AE30095939C /* PaymentButton.swift */; };
/* End PBXBuildFile section */

/* Begin PBXContainerItemProxy section */
		C98A16452C39105C00D461E8 /* PBXContainerItemProxy */ = {
			isa = PBXContainerItemProxy;
			containerPortal = C98A162C2C39105900D461E8 /* Project object */;
			proxyType = 1;
			remoteGlobalIDString = C98A16332C39105900D461E8;
			remoteInfo = iOS;
		};
		C98A164F2C39105C00D461E8 /* PBXContainerItemProxy */ = {
			isa = PBXContainerItemProxy;
			containerPortal = C98A162C2C39105900D461E8 /* Project object */;
			proxyType = 1;
			remoteGlobalIDString = C98A16332C39105900D461E8;
			remoteInfo = iOS;
		};
		C9A95AF82C505924005151B0 /* PBXContainerItemProxy */ = {
			isa = PBXContainerItemProxy;
			containerPortal = C98A162C2C39105900D461E8 /* Project object */;
			proxyType = 1;
			remoteGlobalIDString = C9A95AE32C505922005151B0;
			remoteInfo = StatisticsWidgetExtension;
		};
/* End PBXContainerItemProxy section */

/* Begin PBXCopyFilesBuildPhase section */
		C9A95AFF2C505924005151B0 /* Embed Foundation Extensions */ = {
			isa = PBXCopyFilesBuildPhase;
			buildActionMask = 2147483647;
			dstPath = "";
			dstSubfolderSpec = 13;
			files = (
				C9A95AFA2C505924005151B0 /* StatisticsWidgetExtension.appex in Embed Foundation Extensions */,
			);
			name = "Embed Foundation Extensions";
			runOnlyForDeploymentPostprocessing = 0;
		};
/* End PBXCopyFilesBuildPhase section */

/* Begin PBXFileReference section */
		C917C62F2C39AB5A0041AEC9 /* PlaybackPreview.swift */ = {isa = PBXFileReference; lastKnownFileType = sourcecode.swift; path = PlaybackPreview.swift; sourceTree = "<group>"; };
		C917C6332C39C98B0041AEC9 /* StatisticsPreview.swift */ = {isa = PBXFileReference; lastKnownFileType = sourcecode.swift; path = StatisticsPreview.swift; sourceTree = "<group>"; };
		C917C6372C39F34A0041AEC9 /* ServicesPreview.swift */ = {isa = PBXFileReference; lastKnownFileType = sourcecode.swift; path = ServicesPreview.swift; sourceTree = "<group>"; };
		C917C6392C39FC670041AEC9 /* Emergency Alert History.swift */ = {isa = PBXFileReference; lastKnownFileType = sourcecode.swift; path = "Emergency Alert History.swift"; sourceTree = "<group>"; };
		C917C63C2C3A1EB20041AEC9 /* PlaybackView.swift */ = {isa = PBXFileReference; lastKnownFileType = sourcecode.swift; path = PlaybackView.swift; sourceTree = "<group>"; };
		C917C63E2C3A1F080041AEC9 /* StatisticsView.swift */ = {isa = PBXFileReference; lastKnownFileType = sourcecode.swift; path = StatisticsView.swift; sourceTree = "<group>"; };
		C917C6402C3A1F270041AEC9 /* EmergencyAlertHistoryView.swift */ = {isa = PBXFileReference; lastKnownFileType = sourcecode.swift; path = EmergencyAlertHistoryView.swift; sourceTree = "<group>"; };
		C917C6422C3A1F340041AEC9 /* ServicesView.swift */ = {isa = PBXFileReference; lastKnownFileType = sourcecode.swift; path = ServicesView.swift; sourceTree = "<group>"; };
		C917C64B2C3B22DF0041AEC9 /* ServicesButton.swift */ = {isa = PBXFileReference; lastKnownFileType = sourcecode.swift; path = ServicesButton.swift; sourceTree = "<group>"; };
		C917C64D2C3B4A5F0041AEC9 /* PurchaseService.swift */ = {isa = PBXFileReference; lastKnownFileType = sourcecode.swift; path = PurchaseService.swift; sourceTree = "<group>"; };
		C917C6852C3F2F0F0041AEC9 /* EnvironmentSensor.swift */ = {isa = PBXFileReference; lastKnownFileType = sourcecode.swift; path = EnvironmentSensor.swift; sourceTree = "<group>"; };
		C917C6872C3F46AF0041AEC9 /* EnvironmentSensorVM.swift */ = {isa = PBXFileReference; lastKnownFileType = sourcecode.swift; path = EnvironmentSensorVM.swift; sourceTree = "<group>"; };
		C917C68F2C46E11E0041AEC9 /* SensorData.xcdatamodel */ = {isa = PBXFileReference; lastKnownFileType = wrapper.xcdatamodel; path = SensorData.xcdatamodel; sourceTree = "<group>"; };
		C917C6912C46EF440041AEC9 /* DataManager.swift */ = {isa = PBXFileReference; lastKnownFileType = sourcecode.swift; path = DataManager.swift; sourceTree = "<group>"; };
		C93AF15E2C499EFE00D3B08D /* AccessoryModel.swift */ = {isa = PBXFileReference; lastKnownFileType = sourcecode.swift; path = AccessoryModel.swift; sourceTree = "<group>"; };
		C93AF15F2C499EFE00D3B08D /* AccessoryPosition.swift */ = {isa = PBXFileReference; lastKnownFileType = sourcecode.swift; path = AccessoryPosition.swift; sourceTree = "<group>"; };
		C93AF1602C499EFE00D3B08D /* AccessorySessionManager.swift */ = {isa = PBXFileReference; lastKnownFileType = sourcecode.swift; path = AccessorySessionManager.swift; sourceTree = "<group>"; };
		C93AF1642C499F1800D3B08D /* PairedView.swift */ = {isa = PBXFileReference; lastKnownFileType = sourcecode.swift; path = PairedView.swift; sourceTree = "<group>"; };
		C93AF1672C49D83B00D3B08D /* iOS.entitlements */ = {isa = PBXFileReference; lastKnownFileType = text.plist.entitlements; path = iOS.entitlements; sourceTree = "<group>"; };
		C93AF17D2C49DE4200D3B08D /* TestTargetTests.xctest */ = {isa = PBXFileReference; explicitFileType = wrapper.cfbundle; includeInIndex = 0; path = TestTargetTests.xctest; sourceTree = BUILT_PRODUCTS_DIR; };
		C93AF1872C49DE4200D3B08D /* TestTargetUITests.xctest */ = {isa = PBXFileReference; explicitFileType = wrapper.cfbundle; includeInIndex = 0; path = TestTargetUITests.xctest; sourceTree = BUILT_PRODUCTS_DIR; };
		C96856872C5070EF00769AE2 /* VideoPlayer.swift */ = {isa = PBXFileReference; lastKnownFileType = sourcecode.swift; path = VideoPlayer.swift; sourceTree = "<group>"; };
		C96856892C5076B800769AE2 /* AVPlayerViewModel.swift */ = {isa = PBXFileReference; lastKnownFileType = sourcecode.swift; path = AVPlayerViewModel.swift; sourceTree = "<group>"; };
		C96856A62C517CBB00769AE2 /* TempNotificationView.swift */ = {isa = PBXFileReference; lastKnownFileType = sourcecode.swift; path = TempNotificationView.swift; sourceTree = "<group>"; };
		C96856A82C51AC8700769AE2 /* AuthViewModel.swift */ = {isa = PBXFileReference; lastKnownFileType = sourcecode.swift; path = AuthViewModel.swift; sourceTree = "<group>"; };
		C96856AA2C52AA2400769AE2 /* TempGroupView.swift */ = {isa = PBXFileReference; lastKnownFileType = sourcecode.swift; path = TempGroupView.swift; sourceTree = "<group>"; };
		C96856AC2C53770400769AE2 /* EventView.swift */ = {isa = PBXFileReference; lastKnownFileType = sourcecode.swift; path = EventView.swift; sourceTree = "<group>"; };
		C98A16342C39105900D461E8 /* iOS.app */ = {isa = PBXFileReference; explicitFileType = wrapper.application; includeInIndex = 0; path = iOS.app; sourceTree = BUILT_PRODUCTS_DIR; };
		C98A16372C39105900D461E8 /* iOSApp.swift */ = {isa = PBXFileReference; lastKnownFileType = sourcecode.swift; path = iOSApp.swift; sourceTree = "<group>"; };
		C98A16392C39105900D461E8 /* ContentView.swift */ = {isa = PBXFileReference; lastKnownFileType = sourcecode.swift; path = ContentView.swift; sourceTree = "<group>"; };
		C98A163B2C39105B00D461E8 /* Assets.xcassets */ = {isa = PBXFileReference; lastKnownFileType = folder.assetcatalog; path = Assets.xcassets; sourceTree = "<group>"; };
		C98A163E2C39105B00D461E8 /* Preview Assets.xcassets */ = {isa = PBXFileReference; lastKnownFileType = folder.assetcatalog; path = "Preview Assets.xcassets"; sourceTree = "<group>"; };
		C98A16442C39105C00D461E8 /* iOSTests.xctest */ = {isa = PBXFileReference; explicitFileType = wrapper.cfbundle; includeInIndex = 0; path = iOSTests.xctest; sourceTree = BUILT_PRODUCTS_DIR; };
		C98A16482C39105C00D461E8 /* iOSTests.swift */ = {isa = PBXFileReference; lastKnownFileType = sourcecode.swift; path = iOSTests.swift; sourceTree = "<group>"; };
		C98A164E2C39105C00D461E8 /* iOSUITests.xctest */ = {isa = PBXFileReference; explicitFileType = wrapper.cfbundle; includeInIndex = 0; path = iOSUITests.xctest; sourceTree = BUILT_PRODUCTS_DIR; };
		C98A16522C39105C00D461E8 /* iOSUITests.swift */ = {isa = PBXFileReference; lastKnownFileType = sourcecode.swift; path = iOSUITests.swift; sourceTree = "<group>"; };
		C98A16542C39105C00D461E8 /* iOSUITestsLaunchTests.swift */ = {isa = PBXFileReference; lastKnownFileType = sourcecode.swift; path = iOSUITestsLaunchTests.swift; sourceTree = "<group>"; };
		C98A16642C3912A600D461E8 /* Home.swift */ = {isa = PBXFileReference; lastKnownFileType = sourcecode.swift; path = Home.swift; sourceTree = "<group>"; };
		C98A16662C3912B100D461E8 /* Automation.swift */ = {isa = PBXFileReference; lastKnownFileType = sourcecode.swift; path = Automation.swift; sourceTree = "<group>"; };
		C98A16682C3912BB00D461E8 /* Settings.swift */ = {isa = PBXFileReference; lastKnownFileType = sourcecode.swift; path = Settings.swift; sourceTree = "<group>"; };
		C98A166B2C391F2400D461E8 /* HomeNotification.swift */ = {isa = PBXFileReference; lastKnownFileType = sourcecode.swift; path = HomeNotification.swift; sourceTree = "<group>"; };
		C98A166D2C3924EB00D461E8 /* AddSensePopup.swift */ = {isa = PBXFileReference; lastKnownFileType = sourcecode.swift; path = AddSensePopup.swift; sourceTree = "<group>"; };
		C994DB542C50157E00D345BD /* Sign Up.swift */ = {isa = PBXFileReference; lastKnownFileType = sourcecode.swift; path = "Sign Up.swift"; sourceTree = "<group>"; };
		C994DB562C501E1400D345BD /* Login.swift */ = {isa = PBXFileReference; lastKnownFileType = sourcecode.swift; path = Login.swift; sourceTree = "<group>"; };
		C994DB582C502F6700D345BD /* RoomateGroup.swift */ = {isa = PBXFileReference; lastKnownFileType = sourcecode.swift; path = RoomateGroup.swift; sourceTree = "<group>"; };
		C994DB5A2C504C3500D345BD /* LaunchViewModel.swift */ = {isa = PBXFileReference; lastKnownFileType = sourcecode.swift; path = LaunchViewModel.swift; sourceTree = "<group>"; };
		C9A95ADC2C505414005151B0 /* AppDelegate.swift */ = {isa = PBXFileReference; lastKnownFileType = sourcecode.swift; path = AppDelegate.swift; sourceTree = "<group>"; };
		C9A95ADE2C505562005151B0 /* Widget.swift */ = {isa = PBXFileReference; lastKnownFileType = sourcecode.swift; path = Widget.swift; sourceTree = "<group>"; };
		C9A95AE42C505922005151B0 /* StatisticsWidgetExtension.appex */ = {isa = PBXFileReference; explicitFileType = "wrapper.app-extension"; includeInIndex = 0; path = StatisticsWidgetExtension.appex; sourceTree = BUILT_PRODUCTS_DIR; };
		C9A95AE62C505922005151B0 /* WidgetKit.framework */ = {isa = PBXFileReference; lastKnownFileType = wrapper.framework; name = WidgetKit.framework; path = System/Library/Frameworks/WidgetKit.framework; sourceTree = SDKROOT; };
		C9A95AE82C505922005151B0 /* SwiftUI.framework */ = {isa = PBXFileReference; lastKnownFileType = wrapper.framework; name = SwiftUI.framework; path = System/Library/Frameworks/SwiftUI.framework; sourceTree = SDKROOT; };
		C9C576932C4EB2B1005D350A /* WebView.swift */ = {isa = PBXFileReference; lastKnownFileType = sourcecode.swift; path = WebView.swift; sourceTree = "<group>"; };
		C9FD4E842C48C8FD0095939C /* FilterHomeButton.swift */ = {isa = PBXFileReference; lastKnownFileType = sourcecode.swift; path = FilterHomeButton.swift; sourceTree = "<group>"; };
		C9FD4E862C497AE30095939C /* PaymentButton.swift */ = {isa = PBXFileReference; lastKnownFileType = sourcecode.swift; path = PaymentButton.swift; sourceTree = "<group>"; };
/* End PBXFileReference section */

/* Begin PBXFileSystemSynchronizedBuildFileExceptionSet section */
		C9A95AFB2C505924005151B0 /* PBXFileSystemSynchronizedBuildFileExceptionSet */ = {
			isa = PBXFileSystemSynchronizedBuildFileExceptionSet;
			membershipExceptions = (
				Info.plist,
			);
			target = C9A95AE32C505922005151B0 /* StatisticsWidgetExtension */;
		};
/* End PBXFileSystemSynchronizedBuildFileExceptionSet section */

/* Begin PBXFileSystemSynchronizedRootGroup section */
		C93AF16F2C49DE3D00D3B08D /* TestTarget */ = {isa = PBXFileSystemSynchronizedRootGroup; explicitFileTypes = {}; explicitFolders = (); path = TestTarget; sourceTree = "<group>"; };
		C93AF1802C49DE4200D3B08D /* TestTargetTests */ = {isa = PBXFileSystemSynchronizedRootGroup; explicitFileTypes = {}; explicitFolders = (); path = TestTargetTests; sourceTree = "<group>"; };
		C93AF18A2C49DE4200D3B08D /* TestTargetUITests */ = {isa = PBXFileSystemSynchronizedRootGroup; explicitFileTypes = {}; explicitFolders = (); path = TestTargetUITests; sourceTree = "<group>"; };
		C9A95AEA2C505922005151B0 /* StatisticsWidget */ = {isa = PBXFileSystemSynchronizedRootGroup; exceptions = (C9A95AFB2C505924005151B0 /* PBXFileSystemSynchronizedBuildFileExceptionSet */, ); explicitFileTypes = {}; explicitFolders = (); path = StatisticsWidget; sourceTree = "<group>"; };
/* End PBXFileSystemSynchronizedRootGroup section */

/* Begin PBXFrameworksBuildPhase section */
		C93AF17A2C49DE4200D3B08D /* Frameworks */ = {
			isa = PBXFrameworksBuildPhase;
			buildActionMask = 2147483647;
			files = (
			);
			runOnlyForDeploymentPostprocessing = 0;
		};
		C93AF1842C49DE4200D3B08D /* Frameworks */ = {
			isa = PBXFrameworksBuildPhase;
			buildActionMask = 2147483647;
			files = (
			);
			runOnlyForDeploymentPostprocessing = 0;
		};
		C98A16312C39105900D461E8 /* Frameworks */ = {
			isa = PBXFrameworksBuildPhase;
			buildActionMask = 2147483647;
			files = (
			);
			runOnlyForDeploymentPostprocessing = 0;
		};
		C98A16412C39105C00D461E8 /* Frameworks */ = {
			isa = PBXFrameworksBuildPhase;
			buildActionMask = 2147483647;
			files = (
			);
			runOnlyForDeploymentPostprocessing = 0;
		};
		C98A164B2C39105C00D461E8 /* Frameworks */ = {
			isa = PBXFrameworksBuildPhase;
			buildActionMask = 2147483647;
			files = (
			);
			runOnlyForDeploymentPostprocessing = 0;
		};
		C9A95AE12C505922005151B0 /* Frameworks */ = {
			isa = PBXFrameworksBuildPhase;
			buildActionMask = 2147483647;
			files = (
				C9A95AE92C505922005151B0 /* SwiftUI.framework in Frameworks */,
				C9A95AE72C505922005151B0 /* WidgetKit.framework in Frameworks */,
			);
			runOnlyForDeploymentPostprocessing = 0;
		};
/* End PBXFrameworksBuildPhase section */

/* Begin PBXGroup section */
		C917C62E2C39AB420041AEC9 /* Home */ = {
			isa = PBXGroup;
			children = (
				C917C6362C39F32B0041AEC9 /* Previews */,
				C98A166D2C3924EB00D461E8 /* AddSensePopup.swift */,
				C98A166B2C391F2400D461E8 /* HomeNotification.swift */,
				C96856AC2C53770400769AE2 /* EventView.swift */,
			);
			path = Home;
			sourceTree = "<group>";
		};
		C917C6362C39F32B0041AEC9 /* Previews */ = {
			isa = PBXGroup;
			children = (
				C917C62F2C39AB5A0041AEC9 /* PlaybackPreview.swift */,
				C917C6332C39C98B0041AEC9 /* StatisticsPreview.swift */,
				C917C6372C39F34A0041AEC9 /* ServicesPreview.swift */,
				C917C6392C39FC670041AEC9 /* Emergency Alert History.swift */,
			);
			path = Previews;
			sourceTree = "<group>";
		};
		C917C63B2C3A1E960041AEC9 /* Home Component Expansions */ = {
			isa = PBXGroup;
			children = (
				C917C63C2C3A1EB20041AEC9 /* PlaybackView.swift */,
				C917C63E2C3A1F080041AEC9 /* StatisticsView.swift */,
				C917C6402C3A1F270041AEC9 /* EmergencyAlertHistoryView.swift */,
				C917C6422C3A1F340041AEC9 /* ServicesView.swift */,
				C9FD4E842C48C8FD0095939C /* FilterHomeButton.swift */,
			);
			path = "Home Component Expansions";
			sourceTree = "<group>";
		};
		C98A162B2C39105900D461E8 = {
			isa = PBXGroup;
			children = (
				C98A16362C39105900D461E8 /* iOS */,
				C9A95AEA2C505922005151B0 /* StatisticsWidget */,
				C98A16472C39105C00D461E8 /* iOSTests */,
				C98A16512C39105C00D461E8 /* iOSUITests */,
				C93AF16F2C49DE3D00D3B08D /* TestTarget */,
				C93AF1802C49DE4200D3B08D /* TestTargetTests */,
				C93AF18A2C49DE4200D3B08D /* TestTargetUITests */,
				C9A95AE52C505922005151B0 /* Frameworks */,
				C98A16352C39105900D461E8 /* Products */,
			);
			sourceTree = "<group>";
		};
		C98A16352C39105900D461E8 /* Products */ = {
			isa = PBXGroup;
			children = (
				C98A16342C39105900D461E8 /* iOS.app */,
				C98A16442C39105C00D461E8 /* iOSTests.xctest */,
				C98A164E2C39105C00D461E8 /* iOSUITests.xctest */,
				C93AF17D2C49DE4200D3B08D /* TestTargetTests.xctest */,
				C93AF1872C49DE4200D3B08D /* TestTargetUITests.xctest */,
				C9A95AE42C505922005151B0 /* StatisticsWidgetExtension.appex */,
			);
			name = Products;
			sourceTree = "<group>";
		};
		C98A16362C39105900D461E8 /* iOS */ = {
			isa = PBXGroup;
			children = (
				C93AF1672C49D83B00D3B08D /* iOS.entitlements */,
				C93AF1642C499F1800D3B08D /* PairedView.swift */,
				C93AF15E2C499EFE00D3B08D /* AccessoryModel.swift */,
				C93AF15F2C499EFE00D3B08D /* AccessoryPosition.swift */,
				C93AF1602C499EFE00D3B08D /* AccessorySessionManager.swift */,
				C98A16372C39105900D461E8 /* iOSApp.swift */,
				C98A16392C39105900D461E8 /* ContentView.swift */,
				C98A16632C39107C00D461E8 /* View */,
				C98A16622C39107100D461E8 /* ViewModel */,
				C98A16612C39106600D461E8 /* Model */,
				C98A163B2C39105B00D461E8 /* Assets.xcassets */,
				C98A163D2C39105B00D461E8 /* Preview Content */,
			);
			path = iOS;
			sourceTree = "<group>";
		};
		C98A163D2C39105B00D461E8 /* Preview Content */ = {
			isa = PBXGroup;
			children = (
				C98A163E2C39105B00D461E8 /* Preview Assets.xcassets */,
			);
			path = "Preview Content";
			sourceTree = "<group>";
		};
		C98A16472C39105C00D461E8 /* iOSTests */ = {
			isa = PBXGroup;
			children = (
				C98A16482C39105C00D461E8 /* iOSTests.swift */,
			);
			path = iOSTests;
			sourceTree = "<group>";
		};
		C98A16512C39105C00D461E8 /* iOSUITests */ = {
			isa = PBXGroup;
			children = (
				C98A16522C39105C00D461E8 /* iOSUITests.swift */,
				C98A16542C39105C00D461E8 /* iOSUITestsLaunchTests.swift */,
			);
			path = iOSUITests;
			sourceTree = "<group>";
		};
		C98A16612C39106600D461E8 /* Model */ = {
			isa = PBXGroup;
			children = (
				C917C6852C3F2F0F0041AEC9 /* EnvironmentSensor.swift */,
				C917C68E2C46E11E0041AEC9 /* SensorData.xcdatamodeld */,
				C917C6912C46EF440041AEC9 /* DataManager.swift */,
			);
			path = Model;
			sourceTree = "<group>";
		};
		C98A16622C39107100D461E8 /* ViewModel */ = {
			isa = PBXGroup;
			children = (
				C917C6872C3F46AF0041AEC9 /* EnvironmentSensorVM.swift */,
				C994DB5A2C504C3500D345BD /* LaunchViewModel.swift */,
				C9A95ADC2C505414005151B0 /* AppDelegate.swift */,
				C96856892C5076B800769AE2 /* AVPlayerViewModel.swift */,
				C96856A82C51AC8700769AE2 /* AuthViewModel.swift */,
			);
			path = ViewModel;
			sourceTree = "<group>";
		};
		C98A16632C39107C00D461E8 /* View */ = {
			isa = PBXGroup;
			children = (
				C917C63B2C3A1E960041AEC9 /* Home Component Expansions */,
				C98A166A2C391EAB00D461E8 /* Components */,
				C98A16642C3912A600D461E8 /* Home.swift */,
				C98A16662C3912B100D461E8 /* Automation.swift */,
				C98A16682C3912BB00D461E8 /* Settings.swift */,
				C9C576932C4EB2B1005D350A /* WebView.swift */,
				C994DB542C50157E00D345BD /* Sign Up.swift */,
				C994DB562C501E1400D345BD /* Login.swift */,
				C994DB582C502F6700D345BD /* RoomateGroup.swift */,
				C9A95ADE2C505562005151B0 /* Widget.swift */,
				C96856872C5070EF00769AE2 /* VideoPlayer.swift */,
				C96856A62C517CBB00769AE2 /* TempNotificationView.swift */,
				C96856AA2C52AA2400769AE2 /* TempGroupView.swift */,
			);
			path = View;
			sourceTree = "<group>";
		};
		C98A166A2C391EAB00D461E8 /* Components */ = {
			isa = PBXGroup;
			children = (
				C917C62E2C39AB420041AEC9 /* Home */,
				C917C64B2C3B22DF0041AEC9 /* ServicesButton.swift */,
				C917C64D2C3B4A5F0041AEC9 /* PurchaseService.swift */,
				C9FD4E862C497AE30095939C /* PaymentButton.swift */,
			);
			path = Components;
			sourceTree = "<group>";
		};
		C9A95AE52C505922005151B0 /* Frameworks */ = {
			isa = PBXGroup;
			children = (
				C9A95AE62C505922005151B0 /* WidgetKit.framework */,
				C9A95AE82C505922005151B0 /* SwiftUI.framework */,
			);
			name = Frameworks;
			sourceTree = "<group>";
		};
/* End PBXGroup section */

/* Begin PBXNativeTarget section */
		C93AF17C2C49DE4200D3B08D /* TestTargetTests */ = {
			isa = PBXNativeTarget;
			buildConfigurationList = C93AF1922C49DE4200D3B08D /* Build configuration list for PBXNativeTarget "TestTargetTests" */;
			buildPhases = (
				C93AF1792C49DE4200D3B08D /* Sources */,
				C93AF17A2C49DE4200D3B08D /* Frameworks */,
				C93AF17B2C49DE4200D3B08D /* Resources */,
			);
			buildRules = (
			);
			dependencies = (
			);
			fileSystemSynchronizedGroups = (
				C93AF1802C49DE4200D3B08D /* TestTargetTests */,
			);
			name = TestTargetTests;
			packageProductDependencies = (
			);
			productName = TestTargetTests;
			productReference = C93AF17D2C49DE4200D3B08D /* TestTargetTests.xctest */;
			productType = "com.apple.product-type.bundle.unit-test";
		};
		C93AF1862C49DE4200D3B08D /* TestTargetUITests */ = {
			isa = PBXNativeTarget;
			buildConfigurationList = C93AF1952C49DE4200D3B08D /* Build configuration list for PBXNativeTarget "TestTargetUITests" */;
			buildPhases = (
				C93AF1832C49DE4200D3B08D /* Sources */,
				C93AF1842C49DE4200D3B08D /* Frameworks */,
				C93AF1852C49DE4200D3B08D /* Resources */,
			);
			buildRules = (
			);
			dependencies = (
			);
			fileSystemSynchronizedGroups = (
				C93AF18A2C49DE4200D3B08D /* TestTargetUITests */,
			);
			name = TestTargetUITests;
			packageProductDependencies = (
			);
			productName = TestTargetUITests;
			productReference = C93AF1872C49DE4200D3B08D /* TestTargetUITests.xctest */;
			productType = "com.apple.product-type.bundle.ui-testing";
		};
		C98A16332C39105900D461E8 /* iOS */ = {
			isa = PBXNativeTarget;
			buildConfigurationList = C98A16582C39105C00D461E8 /* Build configuration list for PBXNativeTarget "iOS" */;
			buildPhases = (
				C98A16302C39105900D461E8 /* Sources */,
				C98A16312C39105900D461E8 /* Frameworks */,
				C98A16322C39105900D461E8 /* Resources */,
				C9A95AFF2C505924005151B0 /* Embed Foundation Extensions */,
			);
			buildRules = (
			);
			dependencies = (
				C9A95AF92C505924005151B0 /* PBXTargetDependency */,
			);
			name = iOS;
			productName = iOS;
			productReference = C98A16342C39105900D461E8 /* iOS.app */;
			productType = "com.apple.product-type.application";
		};
		C98A16432C39105C00D461E8 /* iOSTests */ = {
			isa = PBXNativeTarget;
			buildConfigurationList = C98A165B2C39105C00D461E8 /* Build configuration list for PBXNativeTarget "iOSTests" */;
			buildPhases = (
				C98A16402C39105C00D461E8 /* Sources */,
				C98A16412C39105C00D461E8 /* Frameworks */,
				C98A16422C39105C00D461E8 /* Resources */,
			);
			buildRules = (
			);
			dependencies = (
				C98A16462C39105C00D461E8 /* PBXTargetDependency */,
			);
			name = iOSTests;
			productName = iOSTests;
			productReference = C98A16442C39105C00D461E8 /* iOSTests.xctest */;
			productType = "com.apple.product-type.bundle.unit-test";
		};
		C98A164D2C39105C00D461E8 /* iOSUITests */ = {
			isa = PBXNativeTarget;
			buildConfigurationList = C98A165E2C39105C00D461E8 /* Build configuration list for PBXNativeTarget "iOSUITests" */;
			buildPhases = (
				C98A164A2C39105C00D461E8 /* Sources */,
				C98A164B2C39105C00D461E8 /* Frameworks */,
				C98A164C2C39105C00D461E8 /* Resources */,
			);
			buildRules = (
			);
			dependencies = (
				C98A16502C39105C00D461E8 /* PBXTargetDependency */,
			);
			name = iOSUITests;
			productName = iOSUITests;
			productReference = C98A164E2C39105C00D461E8 /* iOSUITests.xctest */;
			productType = "com.apple.product-type.bundle.ui-testing";
		};
		C9A95AE32C505922005151B0 /* StatisticsWidgetExtension */ = {
			isa = PBXNativeTarget;
			buildConfigurationList = C9A95AFC2C505924005151B0 /* Build configuration list for PBXNativeTarget "StatisticsWidgetExtension" */;
			buildPhases = (
				C9A95AE02C505922005151B0 /* Sources */,
				C9A95AE12C505922005151B0 /* Frameworks */,
				C9A95AE22C505922005151B0 /* Resources */,
			);
			buildRules = (
			);
			dependencies = (
			);
			fileSystemSynchronizedGroups = (
				C9A95AEA2C505922005151B0 /* StatisticsWidget */,
			);
			name = StatisticsWidgetExtension;
			packageProductDependencies = (
			);
			productName = StatisticsWidgetExtension;
			productReference = C9A95AE42C505922005151B0 /* StatisticsWidgetExtension.appex */;
			productType = "com.apple.product-type.app-extension";
		};
/* End PBXNativeTarget section */

/* Begin PBXProject section */
		C98A162C2C39105900D461E8 /* Project object */ = {
			isa = PBXProject;
			attributes = {
				BuildIndependentTargetsInParallel = 1;
				LastSwiftUpdateCheck = 1600;
				LastUpgradeCheck = 1520;
				TargetAttributes = {
					C93AF17C2C49DE4200D3B08D = {
						CreatedOnToolsVersion = 16.0;
						TestTargetID = C93AF16D2C49DE3C00D3B08D;
					};
					C93AF1862C49DE4200D3B08D = {
						CreatedOnToolsVersion = 16.0;
						TestTargetID = C93AF16D2C49DE3C00D3B08D;
					};
					C98A16332C39105900D461E8 = {
						CreatedOnToolsVersion = 15.2;
					};
					C98A16432C39105C00D461E8 = {
						CreatedOnToolsVersion = 15.2;
						TestTargetID = C98A16332C39105900D461E8;
					};
					C98A164D2C39105C00D461E8 = {
						CreatedOnToolsVersion = 15.2;
						TestTargetID = C98A16332C39105900D461E8;
					};
					C9A95AE32C505922005151B0 = {
						CreatedOnToolsVersion = 16.0;
					};
				};
			};
			buildConfigurationList = C98A162F2C39105900D461E8 /* Build configuration list for PBXProject "iOS" */;
			compatibilityVersion = "Xcode 14.0";
			developmentRegion = en;
			hasScannedForEncodings = 0;
			knownRegions = (
				en,
				Base,
			);
			mainGroup = C98A162B2C39105900D461E8;
			productRefGroup = C98A16352C39105900D461E8 /* Products */;
			projectDirPath = "";
			projectRoot = "";
			targets = (
				C98A16332C39105900D461E8 /* iOS */,
				C98A16432C39105C00D461E8 /* iOSTests */,
				C98A164D2C39105C00D461E8 /* iOSUITests */,
				C93AF17C2C49DE4200D3B08D /* TestTargetTests */,
				C93AF1862C49DE4200D3B08D /* TestTargetUITests */,
				C9A95AE32C505922005151B0 /* StatisticsWidgetExtension */,
			);
		};
/* End PBXProject section */

/* Begin PBXResourcesBuildPhase section */
		C93AF17B2C49DE4200D3B08D /* Resources */ = {
			isa = PBXResourcesBuildPhase;
			buildActionMask = 2147483647;
			files = (
			);
			runOnlyForDeploymentPostprocessing = 0;
		};
		C93AF1852C49DE4200D3B08D /* Resources */ = {
			isa = PBXResourcesBuildPhase;
			buildActionMask = 2147483647;
			files = (
			);
			runOnlyForDeploymentPostprocessing = 0;
		};
		C98A16322C39105900D461E8 /* Resources */ = {
			isa = PBXResourcesBuildPhase;
			buildActionMask = 2147483647;
			files = (
				C98A163F2C39105B00D461E8 /* Preview Assets.xcassets in Resources */,
				C98A163C2C39105B00D461E8 /* Assets.xcassets in Resources */,
			);
			runOnlyForDeploymentPostprocessing = 0;
		};
		C98A16422C39105C00D461E8 /* Resources */ = {
			isa = PBXResourcesBuildPhase;
			buildActionMask = 2147483647;
			files = (
			);
			runOnlyForDeploymentPostprocessing = 0;
		};
		C98A164C2C39105C00D461E8 /* Resources */ = {
			isa = PBXResourcesBuildPhase;
			buildActionMask = 2147483647;
			files = (
			);
			runOnlyForDeploymentPostprocessing = 0;
		};
		C9A95AE22C505922005151B0 /* Resources */ = {
			isa = PBXResourcesBuildPhase;
			buildActionMask = 2147483647;
			files = (
			);
			runOnlyForDeploymentPostprocessing = 0;
		};
/* End PBXResourcesBuildPhase section */

/* Begin PBXSourcesBuildPhase section */
		C93AF1792C49DE4200D3B08D /* Sources */ = {
			isa = PBXSourcesBuildPhase;
			buildActionMask = 2147483647;
			files = (
			);
			runOnlyForDeploymentPostprocessing = 0;
		};
		C93AF1832C49DE4200D3B08D /* Sources */ = {
			isa = PBXSourcesBuildPhase;
			buildActionMask = 2147483647;
			files = (
			);
			runOnlyForDeploymentPostprocessing = 0;
		};
		C98A16302C39105900D461E8 /* Sources */ = {
			isa = PBXSourcesBuildPhase;
			buildActionMask = 2147483647;
			files = (
				C994DB552C50157E00D345BD /* Sign Up.swift in Sources */,
				C917C6862C3F2F0F0041AEC9 /* EnvironmentSensor.swift in Sources */,
				C98A16672C3912B100D461E8 /* Automation.swift in Sources */,
				C96856882C5070EF00769AE2 /* VideoPlayer.swift in Sources */,
				C917C6342C39C98B0041AEC9 /* StatisticsPreview.swift in Sources */,
				C9FD4E852C48C8FD0095939C /* FilterHomeButton.swift in Sources */,
				C917C6382C39F34A0041AEC9 /* ServicesPreview.swift in Sources */,
				C994DB5B2C504C3500D345BD /* LaunchViewModel.swift in Sources */,
				C917C6922C46EF440041AEC9 /* DataManager.swift in Sources */,
				C9FD4E872C497AE30095939C /* PaymentButton.swift in Sources */,
				C917C6302C39AB5A0041AEC9 /* PlaybackPreview.swift in Sources */,
				C9A95ADF2C505562005151B0 /* Widget.swift in Sources */,
				C98A166E2C3924EB00D461E8 /* AddSensePopup.swift in Sources */,
				C917C6432C3A1F340041AEC9 /* ServicesView.swift in Sources */,
				C96856AD2C53770400769AE2 /* EventView.swift in Sources */,
				C917C63F2C3A1F080041AEC9 /* StatisticsView.swift in Sources */,
				C917C64E2C3B4A5F0041AEC9 /* PurchaseService.swift in Sources */,
				C917C6412C3A1F270041AEC9 /* EmergencyAlertHistoryView.swift in Sources */,
				C98A163A2C39105900D461E8 /* ContentView.swift in Sources */,
				C96856A92C51AC8700769AE2 /* AuthViewModel.swift in Sources */,
				C9A95ADD2C505414005151B0 /* AppDelegate.swift in Sources */,
				C98A16652C3912A600D461E8 /* Home.swift in Sources */,
				C994DB592C502F6700D345BD /* RoomateGroup.swift in Sources */,
				C917C6882C3F46AF0041AEC9 /* EnvironmentSensorVM.swift in Sources */,
				C93AF1612C499EFE00D3B08D /* AccessoryPosition.swift in Sources */,
				C93AF1622C499EFE00D3B08D /* AccessoryModel.swift in Sources */,
				C93AF1632C499EFE00D3B08D /* AccessorySessionManager.swift in Sources */,
				C917C6902C46E11E0041AEC9 /* SensorData.xcdatamodeld in Sources */,
				C917C63D2C3A1EB20041AEC9 /* PlaybackView.swift in Sources */,
				C917C63A2C39FC670041AEC9 /* Emergency Alert History.swift in Sources */,
				C968568A2C5076B800769AE2 /* AVPlayerViewModel.swift in Sources */,
				C93AF1652C499F1800D3B08D /* PairedView.swift in Sources */,
				C917C64C2C3B22DF0041AEC9 /* ServicesButton.swift in Sources */,
				C96856A72C517CBB00769AE2 /* TempNotificationView.swift in Sources */,
				C9C576942C4EB2B1005D350A /* WebView.swift in Sources */,
				C98A166C2C391F2400D461E8 /* HomeNotification.swift in Sources */,
				C96856AB2C52AA2400769AE2 /* TempGroupView.swift in Sources */,
				C98A16382C39105900D461E8 /* iOSApp.swift in Sources */,
				C98A16692C3912BB00D461E8 /* Settings.swift in Sources */,
				C994DB572C501E1400D345BD /* Login.swift in Sources */,
			);
			runOnlyForDeploymentPostprocessing = 0;
		};
		C98A16402C39105C00D461E8 /* Sources */ = {
			isa = PBXSourcesBuildPhase;
			buildActionMask = 2147483647;
			files = (
				C98A16492C39105C00D461E8 /* iOSTests.swift in Sources */,
			);
			runOnlyForDeploymentPostprocessing = 0;
		};
		C98A164A2C39105C00D461E8 /* Sources */ = {
			isa = PBXSourcesBuildPhase;
			buildActionMask = 2147483647;
			files = (
				C98A16552C39105C00D461E8 /* iOSUITestsLaunchTests.swift in Sources */,
				C98A16532C39105C00D461E8 /* iOSUITests.swift in Sources */,
			);
			runOnlyForDeploymentPostprocessing = 0;
		};
		C9A95AE02C505922005151B0 /* Sources */ = {
			isa = PBXSourcesBuildPhase;
			buildActionMask = 2147483647;
			files = (
			);
			runOnlyForDeploymentPostprocessing = 0;
		};
/* End PBXSourcesBuildPhase section */

/* Begin PBXTargetDependency section */
		C98A16462C39105C00D461E8 /* PBXTargetDependency */ = {
			isa = PBXTargetDependency;
			target = C98A16332C39105900D461E8 /* iOS */;
			targetProxy = C98A16452C39105C00D461E8 /* PBXContainerItemProxy */;
		};
		C98A16502C39105C00D461E8 /* PBXTargetDependency */ = {
			isa = PBXTargetDependency;
			target = C98A16332C39105900D461E8 /* iOS */;
			targetProxy = C98A164F2C39105C00D461E8 /* PBXContainerItemProxy */;
		};
		C9A95AF92C505924005151B0 /* PBXTargetDependency */ = {
			isa = PBXTargetDependency;
			target = C9A95AE32C505922005151B0 /* StatisticsWidgetExtension */;
			targetProxy = C9A95AF82C505924005151B0 /* PBXContainerItemProxy */;
		};
/* End PBXTargetDependency section */

/* Begin XCBuildConfiguration section */
		C93AF1932C49DE4200D3B08D /* Debug */ = {
			isa = XCBuildConfiguration;
			buildSettings = {
				BUNDLE_LOADER = "$(TEST_HOST)";
				CODE_SIGN_STYLE = Automatic;
				CURRENT_PROJECT_VERSION = 1;
				GENERATE_INFOPLIST_FILE = YES;
				IPHONEOS_DEPLOYMENT_TARGET = 18.0;
				MARKETING_VERSION = 1.0;
				PRODUCT_BUNDLE_IDENTIFIER = "Big-Sur.iOS.TestTargetTests";
				PRODUCT_NAME = "$(TARGET_NAME)";
				SWIFT_EMIT_LOC_STRINGS = NO;
				SWIFT_VERSION = 5.0;
				TARGETED_DEVICE_FAMILY = "1,2";
				TEST_HOST = "$(BUILT_PRODUCTS_DIR)/TestTarget.app/$(BUNDLE_EXECUTABLE_FOLDER_PATH)/TestTarget";
			};
			name = Debug;
		};
		C93AF1942C49DE4200D3B08D /* Release */ = {
			isa = XCBuildConfiguration;
			buildSettings = {
				BUNDLE_LOADER = "$(TEST_HOST)";
				CODE_SIGN_STYLE = Automatic;
				CURRENT_PROJECT_VERSION = 1;
				GENERATE_INFOPLIST_FILE = YES;
				IPHONEOS_DEPLOYMENT_TARGET = 18.0;
				MARKETING_VERSION = 1.0;
				PRODUCT_BUNDLE_IDENTIFIER = "Big-Sur.iOS.TestTargetTests";
				PRODUCT_NAME = "$(TARGET_NAME)";
				SWIFT_EMIT_LOC_STRINGS = NO;
				SWIFT_VERSION = 5.0;
				TARGETED_DEVICE_FAMILY = "1,2";
				TEST_HOST = "$(BUILT_PRODUCTS_DIR)/TestTarget.app/$(BUNDLE_EXECUTABLE_FOLDER_PATH)/TestTarget";
			};
			name = Release;
		};
		C93AF1962C49DE4200D3B08D /* Debug */ = {
			isa = XCBuildConfiguration;
			buildSettings = {
				CODE_SIGN_STYLE = Automatic;
				CURRENT_PROJECT_VERSION = 1;
				GENERATE_INFOPLIST_FILE = YES;
				IPHONEOS_DEPLOYMENT_TARGET = 18.0;
				MARKETING_VERSION = 1.0;
				PRODUCT_BUNDLE_IDENTIFIER = "Big-Sur.iOS.TestTargetUITests";
				PRODUCT_NAME = "$(TARGET_NAME)";
				SWIFT_EMIT_LOC_STRINGS = NO;
				SWIFT_VERSION = 5.0;
				TARGETED_DEVICE_FAMILY = "1,2";
				TEST_TARGET_NAME = TestTarget;
			};
			name = Debug;
		};
		C93AF1972C49DE4200D3B08D /* Release */ = {
			isa = XCBuildConfiguration;
			buildSettings = {
				CODE_SIGN_STYLE = Automatic;
				CURRENT_PROJECT_VERSION = 1;
				GENERATE_INFOPLIST_FILE = YES;
				IPHONEOS_DEPLOYMENT_TARGET = 18.0;
				MARKETING_VERSION = 1.0;
				PRODUCT_BUNDLE_IDENTIFIER = "Big-Sur.iOS.TestTargetUITests";
				PRODUCT_NAME = "$(TARGET_NAME)";
				SWIFT_EMIT_LOC_STRINGS = NO;
				SWIFT_VERSION = 5.0;
				TARGETED_DEVICE_FAMILY = "1,2";
				TEST_TARGET_NAME = TestTarget;
			};
			name = Release;
		};
		C98A16562C39105C00D461E8 /* Debug */ = {
			isa = XCBuildConfiguration;
			buildSettings = {
				ALWAYS_SEARCH_USER_PATHS = NO;
				ASSETCATALOG_COMPILER_GENERATE_SWIFT_ASSET_SYMBOL_EXTENSIONS = YES;
				CLANG_ANALYZER_NONNULL = YES;
				CLANG_ANALYZER_NUMBER_OBJECT_CONVERSION = YES_AGGRESSIVE;
				CLANG_CXX_LANGUAGE_STANDARD = "gnu++20";
				CLANG_ENABLE_MODULES = YES;
				CLANG_ENABLE_OBJC_ARC = YES;
				CLANG_ENABLE_OBJC_WEAK = YES;
				CLANG_WARN_BLOCK_CAPTURE_AUTORELEASING = YES;
				CLANG_WARN_BOOL_CONVERSION = YES;
				CLANG_WARN_COMMA = YES;
				CLANG_WARN_CONSTANT_CONVERSION = YES;
				CLANG_WARN_DEPRECATED_OBJC_IMPLEMENTATIONS = YES;
				CLANG_WARN_DIRECT_OBJC_ISA_USAGE = YES_ERROR;
				CLANG_WARN_DOCUMENTATION_COMMENTS = YES;
				CLANG_WARN_EMPTY_BODY = YES;
				CLANG_WARN_ENUM_CONVERSION = YES;
				CLANG_WARN_INFINITE_RECURSION = YES;
				CLANG_WARN_INT_CONVERSION = YES;
				CLANG_WARN_NON_LITERAL_NULL_CONVERSION = YES;
				CLANG_WARN_OBJC_IMPLICIT_RETAIN_SELF = YES;
				CLANG_WARN_OBJC_LITERAL_CONVERSION = YES;
				CLANG_WARN_OBJC_ROOT_CLASS = YES_ERROR;
				CLANG_WARN_QUOTED_INCLUDE_IN_FRAMEWORK_HEADER = YES;
				CLANG_WARN_RANGE_LOOP_ANALYSIS = YES;
				CLANG_WARN_STRICT_PROTOTYPES = YES;
				CLANG_WARN_SUSPICIOUS_MOVE = YES;
				CLANG_WARN_UNGUARDED_AVAILABILITY = YES_AGGRESSIVE;
				CLANG_WARN_UNREACHABLE_CODE = YES;
				CLANG_WARN__DUPLICATE_METHOD_MATCH = YES;
				COPY_PHASE_STRIP = NO;
				DEBUG_INFORMATION_FORMAT = dwarf;
				ENABLE_STRICT_OBJC_MSGSEND = YES;
				ENABLE_TESTABILITY = YES;
				ENABLE_USER_SCRIPT_SANDBOXING = YES;
				GCC_C_LANGUAGE_STANDARD = gnu17;
				GCC_DYNAMIC_NO_PIC = NO;
				GCC_NO_COMMON_BLOCKS = YES;
				GCC_OPTIMIZATION_LEVEL = 0;
				GCC_PREPROCESSOR_DEFINITIONS = (
					"DEBUG=1",
					"$(inherited)",
				);
				GCC_WARN_64_TO_32_BIT_CONVERSION = YES;
				GCC_WARN_ABOUT_RETURN_TYPE = YES_ERROR;
				GCC_WARN_UNDECLARED_SELECTOR = YES;
				GCC_WARN_UNINITIALIZED_AUTOS = YES_AGGRESSIVE;
				GCC_WARN_UNUSED_FUNCTION = YES;
				GCC_WARN_UNUSED_VARIABLE = YES;
				IPHONEOS_DEPLOYMENT_TARGET = 17.2;
				LOCALIZATION_PREFERS_STRING_CATALOGS = YES;
				MTL_ENABLE_DEBUG_INFO = INCLUDE_SOURCE;
				MTL_FAST_MATH = YES;
				ONLY_ACTIVE_ARCH = YES;
				SDKROOT = iphoneos;
				SWIFT_ACTIVE_COMPILATION_CONDITIONS = "DEBUG $(inherited)";
				SWIFT_OPTIMIZATION_LEVEL = "-Onone";
			};
			name = Debug;
		};
		C98A16572C39105C00D461E8 /* Release */ = {
			isa = XCBuildConfiguration;
			buildSettings = {
				ALWAYS_SEARCH_USER_PATHS = NO;
				ASSETCATALOG_COMPILER_GENERATE_SWIFT_ASSET_SYMBOL_EXTENSIONS = YES;
				CLANG_ANALYZER_NONNULL = YES;
				CLANG_ANALYZER_NUMBER_OBJECT_CONVERSION = YES_AGGRESSIVE;
				CLANG_CXX_LANGUAGE_STANDARD = "gnu++20";
				CLANG_ENABLE_MODULES = YES;
				CLANG_ENABLE_OBJC_ARC = YES;
				CLANG_ENABLE_OBJC_WEAK = YES;
				CLANG_WARN_BLOCK_CAPTURE_AUTORELEASING = YES;
				CLANG_WARN_BOOL_CONVERSION = YES;
				CLANG_WARN_COMMA = YES;
				CLANG_WARN_CONSTANT_CONVERSION = YES;
				CLANG_WARN_DEPRECATED_OBJC_IMPLEMENTATIONS = YES;
				CLANG_WARN_DIRECT_OBJC_ISA_USAGE = YES_ERROR;
				CLANG_WARN_DOCUMENTATION_COMMENTS = YES;
				CLANG_WARN_EMPTY_BODY = YES;
				CLANG_WARN_ENUM_CONVERSION = YES;
				CLANG_WARN_INFINITE_RECURSION = YES;
				CLANG_WARN_INT_CONVERSION = YES;
				CLANG_WARN_NON_LITERAL_NULL_CONVERSION = YES;
				CLANG_WARN_OBJC_IMPLICIT_RETAIN_SELF = YES;
				CLANG_WARN_OBJC_LITERAL_CONVERSION = YES;
				CLANG_WARN_OBJC_ROOT_CLASS = YES_ERROR;
				CLANG_WARN_QUOTED_INCLUDE_IN_FRAMEWORK_HEADER = YES;
				CLANG_WARN_RANGE_LOOP_ANALYSIS = YES;
				CLANG_WARN_STRICT_PROTOTYPES = YES;
				CLANG_WARN_SUSPICIOUS_MOVE = YES;
				CLANG_WARN_UNGUARDED_AVAILABILITY = YES_AGGRESSIVE;
				CLANG_WARN_UNREACHABLE_CODE = YES;
				CLANG_WARN__DUPLICATE_METHOD_MATCH = YES;
				COPY_PHASE_STRIP = NO;
				DEBUG_INFORMATION_FORMAT = "dwarf-with-dsym";
				ENABLE_NS_ASSERTIONS = NO;
				ENABLE_STRICT_OBJC_MSGSEND = YES;
				ENABLE_USER_SCRIPT_SANDBOXING = YES;
				GCC_C_LANGUAGE_STANDARD = gnu17;
				GCC_NO_COMMON_BLOCKS = YES;
				GCC_WARN_64_TO_32_BIT_CONVERSION = YES;
				GCC_WARN_ABOUT_RETURN_TYPE = YES_ERROR;
				GCC_WARN_UNDECLARED_SELECTOR = YES;
				GCC_WARN_UNINITIALIZED_AUTOS = YES_AGGRESSIVE;
				GCC_WARN_UNUSED_FUNCTION = YES;
				GCC_WARN_UNUSED_VARIABLE = YES;
				IPHONEOS_DEPLOYMENT_TARGET = 17.2;
				LOCALIZATION_PREFERS_STRING_CATALOGS = YES;
				MTL_ENABLE_DEBUG_INFO = NO;
				MTL_FAST_MATH = YES;
				SDKROOT = iphoneos;
				SWIFT_COMPILATION_MODE = wholemodule;
				VALIDATE_PRODUCT = YES;
			};
			name = Release;
		};
		C98A16592C39105C00D461E8 /* Debug */ = {
			isa = XCBuildConfiguration;
			buildSettings = {
				ASSETCATALOG_COMPILER_APPICON_NAME = AppIcon;
				ASSETCATALOG_COMPILER_GLOBAL_ACCENT_COLOR_NAME = AccentColor;
				CODE_SIGN_ENTITLEMENTS = iOS/iOS.entitlements;
				CODE_SIGN_IDENTITY = "Apple Development";
				CODE_SIGN_STYLE = Automatic;
				CURRENT_PROJECT_VERSION = 1;
				DEVELOPMENT_ASSET_PATHS = "\"iOS/Preview Content\"";
				DEVELOPMENT_TEAM = 4GJ8YVH4SS;
				ENABLE_PREVIEWS = YES;
				GENERATE_INFOPLIST_FILE = YES;
				INFOPLIST_KEY_UIApplicationSceneManifest_Generation = YES;
				INFOPLIST_KEY_UIApplicationSupportsIndirectInputEvents = YES;
				INFOPLIST_KEY_UILaunchScreen_Generation = YES;
				INFOPLIST_KEY_UISupportedInterfaceOrientations_iPad = "UIInterfaceOrientationPortrait UIInterfaceOrientationPortraitUpsideDown UIInterfaceOrientationLandscapeLeft UIInterfaceOrientationLandscapeRight";
				INFOPLIST_KEY_UISupportedInterfaceOrientations_iPhone = "UIInterfaceOrientationPortrait UIInterfaceOrientationLandscapeLeft UIInterfaceOrientationLandscapeRight";
				LD_RUNPATH_SEARCH_PATHS = (
					"$(inherited)",
					"@executable_path/Frameworks",
				);
				MARKETING_VERSION = 1.0;
				PRODUCT_BUNDLE_IDENTIFIER = "Big-Sur.iOS";
				PRODUCT_NAME = "$(TARGET_NAME)";
				PROVISIONING_PROFILE_SPECIFIER = "";
				SWIFT_EMIT_LOC_STRINGS = YES;
				SWIFT_VERSION = 5.0;
				TARGETED_DEVICE_FAMILY = "1,2";
			};
			name = Debug;
		};
		C98A165A2C39105C00D461E8 /* Release */ = {
			isa = XCBuildConfiguration;
			buildSettings = {
				ASSETCATALOG_COMPILER_APPICON_NAME = AppIcon;
				ASSETCATALOG_COMPILER_GLOBAL_ACCENT_COLOR_NAME = AccentColor;
				CODE_SIGN_ENTITLEMENTS = iOS/iOS.entitlements;
				CODE_SIGN_IDENTITY = "Apple Development";
				CODE_SIGN_STYLE = Automatic;
				CURRENT_PROJECT_VERSION = 1;
				DEVELOPMENT_ASSET_PATHS = "\"iOS/Preview Content\"";
				DEVELOPMENT_TEAM = 4GJ8YVH4SS;
				ENABLE_PREVIEWS = YES;
				GENERATE_INFOPLIST_FILE = YES;
				INFOPLIST_KEY_UIApplicationSceneManifest_Generation = YES;
				INFOPLIST_KEY_UIApplicationSupportsIndirectInputEvents = YES;
				INFOPLIST_KEY_UILaunchScreen_Generation = YES;
				INFOPLIST_KEY_UISupportedInterfaceOrientations_iPad = "UIInterfaceOrientationPortrait UIInterfaceOrientationPortraitUpsideDown UIInterfaceOrientationLandscapeLeft UIInterfaceOrientationLandscapeRight";
				INFOPLIST_KEY_UISupportedInterfaceOrientations_iPhone = "UIInterfaceOrientationPortrait UIInterfaceOrientationLandscapeLeft UIInterfaceOrientationLandscapeRight";
				LD_RUNPATH_SEARCH_PATHS = (
					"$(inherited)",
					"@executable_path/Frameworks",
				);
				MARKETING_VERSION = 1.0;
				PRODUCT_BUNDLE_IDENTIFIER = "Big-Sur.iOS";
				PRODUCT_NAME = "$(TARGET_NAME)";
				PROVISIONING_PROFILE_SPECIFIER = "";
				SWIFT_EMIT_LOC_STRINGS = YES;
				SWIFT_VERSION = 5.0;
				TARGETED_DEVICE_FAMILY = "1,2";
			};
			name = Release;
		};
		C98A165C2C39105C00D461E8 /* Debug */ = {
			isa = XCBuildConfiguration;
			buildSettings = {
				ALWAYS_EMBED_SWIFT_STANDARD_LIBRARIES = YES;
				BUNDLE_LOADER = "$(TEST_HOST)";
				CODE_SIGN_STYLE = Automatic;
				CURRENT_PROJECT_VERSION = 1;
				GENERATE_INFOPLIST_FILE = YES;
				IPHONEOS_DEPLOYMENT_TARGET = 17.2;
				MARKETING_VERSION = 1.0;
				PRODUCT_BUNDLE_IDENTIFIER = "Big-Sur.iOSTests";
				PRODUCT_NAME = "$(TARGET_NAME)";
				SWIFT_EMIT_LOC_STRINGS = NO;
				SWIFT_VERSION = 5.0;
				TARGETED_DEVICE_FAMILY = "1,2";
				TEST_HOST = "$(BUILT_PRODUCTS_DIR)/iOS.app/$(BUNDLE_EXECUTABLE_FOLDER_PATH)/iOS";
			};
			name = Debug;
		};
		C98A165D2C39105C00D461E8 /* Release */ = {
			isa = XCBuildConfiguration;
			buildSettings = {
				ALWAYS_EMBED_SWIFT_STANDARD_LIBRARIES = YES;
				BUNDLE_LOADER = "$(TEST_HOST)";
				CODE_SIGN_STYLE = Automatic;
				CURRENT_PROJECT_VERSION = 1;
				GENERATE_INFOPLIST_FILE = YES;
				IPHONEOS_DEPLOYMENT_TARGET = 17.2;
				MARKETING_VERSION = 1.0;
				PRODUCT_BUNDLE_IDENTIFIER = "Big-Sur.iOSTests";
				PRODUCT_NAME = "$(TARGET_NAME)";
				SWIFT_EMIT_LOC_STRINGS = NO;
				SWIFT_VERSION = 5.0;
				TARGETED_DEVICE_FAMILY = "1,2";
				TEST_HOST = "$(BUILT_PRODUCTS_DIR)/iOS.app/$(BUNDLE_EXECUTABLE_FOLDER_PATH)/iOS";
			};
			name = Release;
		};
		C98A165F2C39105C00D461E8 /* Debug */ = {
			isa = XCBuildConfiguration;
			buildSettings = {
				ALWAYS_EMBED_SWIFT_STANDARD_LIBRARIES = YES;
				CODE_SIGN_STYLE = Automatic;
				CURRENT_PROJECT_VERSION = 1;
				GENERATE_INFOPLIST_FILE = YES;
				MARKETING_VERSION = 1.0;
				PRODUCT_BUNDLE_IDENTIFIER = "Big-Sur.iOSUITests";
				PRODUCT_NAME = "$(TARGET_NAME)";
				SWIFT_EMIT_LOC_STRINGS = NO;
				SWIFT_VERSION = 5.0;
				TARGETED_DEVICE_FAMILY = "1,2";
				TEST_TARGET_NAME = iOS;
			};
			name = Debug;
		};
		C98A16602C39105C00D461E8 /* Release */ = {
			isa = XCBuildConfiguration;
			buildSettings = {
				ALWAYS_EMBED_SWIFT_STANDARD_LIBRARIES = YES;
				CODE_SIGN_STYLE = Automatic;
				CURRENT_PROJECT_VERSION = 1;
				GENERATE_INFOPLIST_FILE = YES;
				MARKETING_VERSION = 1.0;
				PRODUCT_BUNDLE_IDENTIFIER = "Big-Sur.iOSUITests";
				PRODUCT_NAME = "$(TARGET_NAME)";
				SWIFT_EMIT_LOC_STRINGS = NO;
				SWIFT_VERSION = 5.0;
				TARGETED_DEVICE_FAMILY = "1,2";
				TEST_TARGET_NAME = iOS;
			};
			name = Release;
		};
		C9A95AFD2C505924005151B0 /* Debug */ = {
			isa = XCBuildConfiguration;
			buildSettings = {
				ASSETCATALOG_COMPILER_GLOBAL_ACCENT_COLOR_NAME = AccentColor;
				ASSETCATALOG_COMPILER_WIDGET_BACKGROUND_COLOR_NAME = WidgetBackground;
				CODE_SIGN_IDENTITY = "Apple Development";
				CODE_SIGN_STYLE = Automatic;
				CURRENT_PROJECT_VERSION = 1;
				DEVELOPMENT_TEAM = 4GJ8YVH4SS;
				GENERATE_INFOPLIST_FILE = YES;
				INFOPLIST_FILE = StatisticsWidget/Info.plist;
				INFOPLIST_KEY_CFBundleDisplayName = StatisticsWidget;
				INFOPLIST_KEY_NSHumanReadableCopyright = "";
				IPHONEOS_DEPLOYMENT_TARGET = 17.5;
				MARKETING_VERSION = 1.0;
				PRODUCT_BUNDLE_IDENTIFIER = "Big-Sur.iOS.StatisticsWidget";
				PRODUCT_NAME = "$(TARGET_NAME)";
				SKIP_INSTALL = YES;
				SWIFT_EMIT_LOC_STRINGS = YES;
				SWIFT_VERSION = 5.0;
				TARGETED_DEVICE_FAMILY = "1,2";
			};
			name = Debug;
		};
		C9A95AFE2C505924005151B0 /* Release */ = {
			isa = XCBuildConfiguration;
			buildSettings = {
				ASSETCATALOG_COMPILER_GLOBAL_ACCENT_COLOR_NAME = AccentColor;
				ASSETCATALOG_COMPILER_WIDGET_BACKGROUND_COLOR_NAME = WidgetBackground;
				CODE_SIGN_IDENTITY = "Apple Development";
				CODE_SIGN_STYLE = Automatic;
				CURRENT_PROJECT_VERSION = 1;
				DEVELOPMENT_TEAM = 4GJ8YVH4SS;
				GENERATE_INFOPLIST_FILE = YES;
				INFOPLIST_FILE = StatisticsWidget/Info.plist;
				INFOPLIST_KEY_CFBundleDisplayName = StatisticsWidget;
				INFOPLIST_KEY_NSHumanReadableCopyright = "";
				IPHONEOS_DEPLOYMENT_TARGET = 17.5;
				MARKETING_VERSION = 1.0;
				PRODUCT_BUNDLE_IDENTIFIER = "Big-Sur.iOS.StatisticsWidget";
				PRODUCT_NAME = "$(TARGET_NAME)";
				SKIP_INSTALL = YES;
				SWIFT_EMIT_LOC_STRINGS = YES;
				SWIFT_VERSION = 5.0;
				TARGETED_DEVICE_FAMILY = "1,2";
			};
			name = Release;
		};
/* End XCBuildConfiguration section */

/* Begin XCConfigurationList section */
		C93AF1922C49DE4200D3B08D /* Build configuration list for PBXNativeTarget "TestTargetTests" */ = {
			isa = XCConfigurationList;
			buildConfigurations = (
				C93AF1932C49DE4200D3B08D /* Debug */,
				C93AF1942C49DE4200D3B08D /* Release */,
			);
			defaultConfigurationIsVisible = 0;
			defaultConfigurationName = Release;
		};
		C93AF1952C49DE4200D3B08D /* Build configuration list for PBXNativeTarget "TestTargetUITests" */ = {
			isa = XCConfigurationList;
			buildConfigurations = (
				C93AF1962C49DE4200D3B08D /* Debug */,
				C93AF1972C49DE4200D3B08D /* Release */,
			);
			defaultConfigurationIsVisible = 0;
			defaultConfigurationName = Release;
		};
		C98A162F2C39105900D461E8 /* Build configuration list for PBXProject "iOS" */ = {
			isa = XCConfigurationList;
			buildConfigurations = (
				C98A16562C39105C00D461E8 /* Debug */,
				C98A16572C39105C00D461E8 /* Release */,
			);
			defaultConfigurationIsVisible = 0;
			defaultConfigurationName = Release;
		};
		C98A16582C39105C00D461E8 /* Build configuration list for PBXNativeTarget "iOS" */ = {
			isa = XCConfigurationList;
			buildConfigurations = (
				C98A16592C39105C00D461E8 /* Debug */,
				C98A165A2C39105C00D461E8 /* Release */,
			);
			defaultConfigurationIsVisible = 0;
			defaultConfigurationName = Release;
		};
		C98A165B2C39105C00D461E8 /* Build configuration list for PBXNativeTarget "iOSTests" */ = {
			isa = XCConfigurationList;
			buildConfigurations = (
				C98A165C2C39105C00D461E8 /* Debug */,
				C98A165D2C39105C00D461E8 /* Release */,
			);
			defaultConfigurationIsVisible = 0;
			defaultConfigurationName = Release;
		};
		C98A165E2C39105C00D461E8 /* Build configuration list for PBXNativeTarget "iOSUITests" */ = {
			isa = XCConfigurationList;
			buildConfigurations = (
				C98A165F2C39105C00D461E8 /* Debug */,
				C98A16602C39105C00D461E8 /* Release */,
			);
			defaultConfigurationIsVisible = 0;
			defaultConfigurationName = Release;
		};
		C9A95AFC2C505924005151B0 /* Build configuration list for PBXNativeTarget "StatisticsWidgetExtension" */ = {
			isa = XCConfigurationList;
			buildConfigurations = (
				C9A95AFD2C505924005151B0 /* Debug */,
				C9A95AFE2C505924005151B0 /* Release */,
			);
			defaultConfigurationIsVisible = 0;
			defaultConfigurationName = Release;
		};
/* End XCConfigurationList section */

/* Begin XCVersionGroup section */
		C917C68E2C46E11E0041AEC9 /* SensorData.xcdatamodeld */ = {
			isa = XCVersionGroup;
			children = (
				C917C68F2C46E11E0041AEC9 /* SensorData.xcdatamodel */,
			);
			currentVersion = C917C68F2C46E11E0041AEC9 /* SensorData.xcdatamodel */;
			path = SensorData.xcdatamodeld;
			sourceTree = "<group>";
			versionGroupType = wrapper.xcdatamodel;
		};
/* End XCVersionGroup section */
	};
	rootObject = C98A162C2C39105900D461E8 /* Project object */;
}
