// !$*UTF8*$!
{
	archiveVersion = 1;
	classes = {
	};
	objectVersion = 56;
	objects = {

/* Begin PBXBuildFile section */
		C9B679A22C331B11003CCF11 /* AEC_IIApp.swift in Sources */ = {isa = PBXBuildFile; fileRef = C9B679A12C331B11003CCF11 /* AEC_IIApp.swift */; };
		C9B679A42C331B11003CCF11 /* ContentView.swift in Sources */ = {isa = PBXBuildFile; fileRef = C9B679A32C331B11003CCF11 /* ContentView.swift */; };
		C9B679A62C331B13003CCF11 /* Assets.xcassets in Resources */ = {isa = PBXBuildFile; fileRef = C9B679A52C331B13003CCF11 /* Assets.xcassets */; };
		C9B679AA2C331B13003CCF11 /* Preview Assets.xcassets in Resources */ = {isa = PBXBuildFile; fileRef = C9B679A92C331B13003CCF11 /* Preview Assets.xcassets */; };
		C9B679B42C331B13003CCF11 /* AEC_IITests.swift in Sources */ = {isa = PBXBuildFile; fileRef = C9B679B32C331B13003CCF11 /* AEC_IITests.swift */; };
		C9B679BE2C331B14003CCF11 /* AEC_IIUITests.swift in Sources */ = {isa = PBXBuildFile; fileRef = C9B679BD2C331B14003CCF11 /* AEC_IIUITests.swift */; };
		C9B679C02C331B14003CCF11 /* AEC_IIUITestsLaunchTests.swift in Sources */ = {isa = PBXBuildFile; fileRef = C9B679BF2C331B14003CCF11 /* AEC_IIUITestsLaunchTests.swift */; };
/* End PBXBuildFile section */

/* Begin PBXContainerItemProxy section */
		C9B679B02C331B13003CCF11 /* PBXContainerItemProxy */ = {
			isa = PBXContainerItemProxy;
			containerPortal = C9B679962C331B11003CCF11 /* Project object */;
			proxyType = 1;
			remoteGlobalIDString = C9B6799D2C331B11003CCF11;
			remoteInfo = "AEC-II";
		};
		C9B679BA2C331B14003CCF11 /* PBXContainerItemProxy */ = {
			isa = PBXContainerItemProxy;
			containerPortal = C9B679962C331B11003CCF11 /* Project object */;
			proxyType = 1;
			remoteGlobalIDString = C9B6799D2C331B11003CCF11;
			remoteInfo = "AEC-II";
		};
/* End PBXContainerItemProxy section */

/* Begin PBXFileReference section */
		C9B6799E2C331B11003CCF11 /* AEC-II.app */ = {isa = PBXFileReference; explicitFileType = wrapper.application; includeInIndex = 0; path = "AEC-II.app"; sourceTree = BUILT_PRODUCTS_DIR; };
		C9B679A12C331B11003CCF11 /* AEC_IIApp.swift */ = {isa = PBXFileReference; lastKnownFileType = sourcecode.swift; path = AEC_IIApp.swift; sourceTree = "<group>"; };
		C9B679A32C331B11003CCF11 /* ContentView.swift */ = {isa = PBXFileReference; lastKnownFileType = sourcecode.swift; path = ContentView.swift; sourceTree = "<group>"; };
		C9B679A52C331B13003CCF11 /* Assets.xcassets */ = {isa = PBXFileReference; lastKnownFileType = folder.assetcatalog; path = Assets.xcassets; sourceTree = "<group>"; };
		C9B679A72C331B13003CCF11 /* AEC_II.entitlements */ = {isa = PBXFileReference; lastKnownFileType = text.plist.entitlements; path = AEC_II.entitlements; sourceTree = "<group>"; };
		C9B679A92C331B13003CCF11 /* Preview Assets.xcassets */ = {isa = PBXFileReference; lastKnownFileType = folder.assetcatalog; path = "Preview Assets.xcassets"; sourceTree = "<group>"; };
		C9B679AF2C331B13003CCF11 /* AEC-IITests.xctest */ = {isa = PBXFileReference; explicitFileType = wrapper.cfbundle; includeInIndex = 0; path = "AEC-IITests.xctest"; sourceTree = BUILT_PRODUCTS_DIR; };
		C9B679B32C331B13003CCF11 /* AEC_IITests.swift */ = {isa = PBXFileReference; lastKnownFileType = sourcecode.swift; path = AEC_IITests.swift; sourceTree = "<group>"; };
		C9B679B92C331B14003CCF11 /* AEC-IIUITests.xctest */ = {isa = PBXFileReference; explicitFileType = wrapper.cfbundle; includeInIndex = 0; path = "AEC-IIUITests.xctest"; sourceTree = BUILT_PRODUCTS_DIR; };
		C9B679BD2C331B14003CCF11 /* AEC_IIUITests.swift */ = {isa = PBXFileReference; lastKnownFileType = sourcecode.swift; path = AEC_IIUITests.swift; sourceTree = "<group>"; };
		C9B679BF2C331B14003CCF11 /* AEC_IIUITestsLaunchTests.swift */ = {isa = PBXFileReference; lastKnownFileType = sourcecode.swift; path = AEC_IIUITestsLaunchTests.swift; sourceTree = "<group>"; };
/* End PBXFileReference section */

/* Begin PBXFrameworksBuildPhase section */
		C9B6799B2C331B11003CCF11 /* Frameworks */ = {
			isa = PBXFrameworksBuildPhase;
			buildActionMask = 2147483647;
			files = (
			);
			runOnlyForDeploymentPostprocessing = 0;
		};
		C9B679AC2C331B13003CCF11 /* Frameworks */ = {
			isa = PBXFrameworksBuildPhase;
			buildActionMask = 2147483647;
			files = (
			);
			runOnlyForDeploymentPostprocessing = 0;
		};
		C9B679B62C331B14003CCF11 /* Frameworks */ = {
			isa = PBXFrameworksBuildPhase;
			buildActionMask = 2147483647;
			files = (
			);
			runOnlyForDeploymentPostprocessing = 0;
		};
/* End PBXFrameworksBuildPhase section */

/* Begin PBXGroup section */
		C9B679952C331B11003CCF11 = {
			isa = PBXGroup;
			children = (
				C9B679A02C331B11003CCF11 /* AEC-II */,
				C9B679B22C331B13003CCF11 /* AEC-IITests */,
				C9B679BC2C331B14003CCF11 /* AEC-IIUITests */,
				C9B6799F2C331B11003CCF11 /* Products */,
			);
			sourceTree = "<group>";
		};
		C9B6799F2C331B11003CCF11 /* Products */ = {
			isa = PBXGroup;
			children = (
				C9B6799E2C331B11003CCF11 /* AEC-II.app */,
				C9B679AF2C331B13003CCF11 /* AEC-IITests.xctest */,
				C9B679B92C331B14003CCF11 /* AEC-IIUITests.xctest */,
			);
			name = Products;
			sourceTree = "<group>";
		};
		C9B679A02C331B11003CCF11 /* AEC-II */ = {
			isa = PBXGroup;
			children = (
				C9B679A12C331B11003CCF11 /* AEC_IIApp.swift */,
				C9B679A32C331B11003CCF11 /* ContentView.swift */,
				C9B679A52C331B13003CCF11 /* Assets.xcassets */,
				C9B679A72C331B13003CCF11 /* AEC_II.entitlements */,
				C9B679A82C331B13003CCF11 /* Preview Content */,
			);
			path = "AEC-II";
			sourceTree = "<group>";
		};
		C9B679A82C331B13003CCF11 /* Preview Content */ = {
			isa = PBXGroup;
			children = (
				C9B679A92C331B13003CCF11 /* Preview Assets.xcassets */,
			);
			path = "Preview Content";
			sourceTree = "<group>";
		};
		C9B679B22C331B13003CCF11 /* AEC-IITests */ = {
			isa = PBXGroup;
			children = (
				C9B679B32C331B13003CCF11 /* AEC_IITests.swift */,
			);
			path = "AEC-IITests";
			sourceTree = "<group>";
		};
		C9B679BC2C331B14003CCF11 /* AEC-IIUITests */ = {
			isa = PBXGroup;
			children = (
				C9B679BD2C331B14003CCF11 /* AEC_IIUITests.swift */,
				C9B679BF2C331B14003CCF11 /* AEC_IIUITestsLaunchTests.swift */,
			);
			path = "AEC-IIUITests";
			sourceTree = "<group>";
		};
/* End PBXGroup section */

/* Begin PBXNativeTarget section */
		C9B6799D2C331B11003CCF11 /* AEC-II */ = {
			isa = PBXNativeTarget;
			buildConfigurationList = C9B679C32C331B14003CCF11 /* Build configuration list for PBXNativeTarget "AEC-II" */;
			buildPhases = (
				C9B6799A2C331B11003CCF11 /* Sources */,
				C9B6799B2C331B11003CCF11 /* Frameworks */,
				C9B6799C2C331B11003CCF11 /* Resources */,
			);
			buildRules = (
			);
			dependencies = (
			);
			name = "AEC-II";
			productName = "AEC-II";
			productReference = C9B6799E2C331B11003CCF11 /* AEC-II.app */;
			productType = "com.apple.product-type.application";
		};
		C9B679AE2C331B13003CCF11 /* AEC-IITests */ = {
			isa = PBXNativeTarget;
			buildConfigurationList = C9B679C62C331B14003CCF11 /* Build configuration list for PBXNativeTarget "AEC-IITests" */;
			buildPhases = (
				C9B679AB2C331B13003CCF11 /* Sources */,
				C9B679AC2C331B13003CCF11 /* Frameworks */,
				C9B679AD2C331B13003CCF11 /* Resources */,
			);
			buildRules = (
			);
			dependencies = (
				C9B679B12C331B13003CCF11 /* PBXTargetDependency */,
			);
			name = "AEC-IITests";
			productName = "AEC-IITests";
			productReference = C9B679AF2C331B13003CCF11 /* AEC-IITests.xctest */;
			productType = "com.apple.product-type.bundle.unit-test";
		};
		C9B679B82C331B14003CCF11 /* AEC-IIUITests */ = {
			isa = PBXNativeTarget;
			buildConfigurationList = C9B679C92C331B14003CCF11 /* Build configuration list for PBXNativeTarget "AEC-IIUITests" */;
			buildPhases = (
				C9B679B52C331B14003CCF11 /* Sources */,
				C9B679B62C331B14003CCF11 /* Frameworks */,
				C9B679B72C331B14003CCF11 /* Resources */,
			);
			buildRules = (
			);
			dependencies = (
				C9B679BB2C331B14003CCF11 /* PBXTargetDependency */,
			);
			name = "AEC-IIUITests";
			productName = "AEC-IIUITests";
			productReference = C9B679B92C331B14003CCF11 /* AEC-IIUITests.xctest */;
			productType = "com.apple.product-type.bundle.ui-testing";
		};
/* End PBXNativeTarget section */

/* Begin PBXProject section */
		C9B679962C331B11003CCF11 /* Project object */ = {
			isa = PBXProject;
			attributes = {
				BuildIndependentTargetsInParallel = 1;
				LastSwiftUpdateCheck = 1520;
				LastUpgradeCheck = 1520;
				TargetAttributes = {
					C9B6799D2C331B11003CCF11 = {
						CreatedOnToolsVersion = 15.2;
					};
					C9B679AE2C331B13003CCF11 = {
						CreatedOnToolsVersion = 15.2;
						TestTargetID = C9B6799D2C331B11003CCF11;
					};
					C9B679B82C331B14003CCF11 = {
						CreatedOnToolsVersion = 15.2;
						TestTargetID = C9B6799D2C331B11003CCF11;
					};
				};
			};
			buildConfigurationList = C9B679992C331B11003CCF11 /* Build configuration list for PBXProject "AEC-II" */;
			compatibilityVersion = "Xcode 14.0";
			developmentRegion = en;
			hasScannedForEncodings = 0;
			knownRegions = (
				en,
				Base,
			);
			mainGroup = C9B679952C331B11003CCF11;
			productRefGroup = C9B6799F2C331B11003CCF11 /* Products */;
			projectDirPath = "";
			projectRoot = "";
			targets = (
				C9B6799D2C331B11003CCF11 /* AEC-II */,
				C9B679AE2C331B13003CCF11 /* AEC-IITests */,
				C9B679B82C331B14003CCF11 /* AEC-IIUITests */,
			);
		};
/* End PBXProject section */

/* Begin PBXResourcesBuildPhase section */
		C9B6799C2C331B11003CCF11 /* Resources */ = {
			isa = PBXResourcesBuildPhase;
			buildActionMask = 2147483647;
			files = (
				C9B679AA2C331B13003CCF11 /* Preview Assets.xcassets in Resources */,
				C9B679A62C331B13003CCF11 /* Assets.xcassets in Resources */,
			);
			runOnlyForDeploymentPostprocessing = 0;
		};
		C9B679AD2C331B13003CCF11 /* Resources */ = {
			isa = PBXResourcesBuildPhase;
			buildActionMask = 2147483647;
			files = (
			);
			runOnlyForDeploymentPostprocessing = 0;
		};
		C9B679B72C331B14003CCF11 /* Resources */ = {
			isa = PBXResourcesBuildPhase;
			buildActionMask = 2147483647;
			files = (
			);
			runOnlyForDeploymentPostprocessing = 0;
		};
/* End PBXResourcesBuildPhase section */

/* Begin PBXSourcesBuildPhase section */
		C9B6799A2C331B11003CCF11 /* Sources */ = {
			isa = PBXSourcesBuildPhase;
			buildActionMask = 2147483647;
			files = (
				C9B679A42C331B11003CCF11 /* ContentView.swift in Sources */,
				C9B679A22C331B11003CCF11 /* AEC_IIApp.swift in Sources */,
			);
			runOnlyForDeploymentPostprocessing = 0;
		};
		C9B679AB2C331B13003CCF11 /* Sources */ = {
			isa = PBXSourcesBuildPhase;
			buildActionMask = 2147483647;
			files = (
				C9B679B42C331B13003CCF11 /* AEC_IITests.swift in Sources */,
			);
			runOnlyForDeploymentPostprocessing = 0;
		};
		C9B679B52C331B14003CCF11 /* Sources */ = {
			isa = PBXSourcesBuildPhase;
			buildActionMask = 2147483647;
			files = (
				C9B679C02C331B14003CCF11 /* AEC_IIUITestsLaunchTests.swift in Sources */,
				C9B679BE2C331B14003CCF11 /* AEC_IIUITests.swift in Sources */,
			);
			runOnlyForDeploymentPostprocessing = 0;
		};
/* End PBXSourcesBuildPhase section */

/* Begin PBXTargetDependency section */
		C9B679B12C331B13003CCF11 /* PBXTargetDependency */ = {
			isa = PBXTargetDependency;
			target = C9B6799D2C331B11003CCF11 /* AEC-II */;
			targetProxy = C9B679B02C331B13003CCF11 /* PBXContainerItemProxy */;
		};
		C9B679BB2C331B14003CCF11 /* PBXTargetDependency */ = {
			isa = PBXTargetDependency;
			target = C9B6799D2C331B11003CCF11 /* AEC-II */;
			targetProxy = C9B679BA2C331B14003CCF11 /* PBXContainerItemProxy */;
		};
/* End PBXTargetDependency section */

/* Begin XCBuildConfiguration section */
		C9B679C12C331B14003CCF11 /* Debug */ = {
			isa = XCBuildConfiguration;
			buildSettings = {
				ALWAYS_SEARCH_USER_PATHS = NO;
				ASSETCATALOG_COMPILER_GENERATE_SWIFT_ASSET_SYMBOL_EXTENSIONS = YES;
				CLANG_ANALYZER_NONNULL = YES;
				CLANG_ANALYZER_NUMBER_OBJECT_CONVERSION = YES_AGGRESSIVE;
				CLANG_CXX_LANGUAGE_STANDARD = "gnu++20";
				CLANG_ENABLE_MODULES = YES;
				CLANG_ENABLE_OBJC_ARC = YES;
				CLANG_ENABLE_OBJC_WEAK = YES;
				CLANG_WARN_BLOCK_CAPTURE_AUTORELEASING = YES;
				CLANG_WARN_BOOL_CONVERSION = YES;
				CLANG_WARN_COMMA = YES;
				CLANG_WARN_CONSTANT_CONVERSION = YES;
				CLANG_WARN_DEPRECATED_OBJC_IMPLEMENTATIONS = YES;
				CLANG_WARN_DIRECT_OBJC_ISA_USAGE = YES_ERROR;
				CLANG_WARN_DOCUMENTATION_COMMENTS = YES;
				CLANG_WARN_EMPTY_BODY = YES;
				CLANG_WARN_ENUM_CONVERSION = YES;
				CLANG_WARN_INFINITE_RECURSION = YES;
				CLANG_WARN_INT_CONVERSION = YES;
				CLANG_WARN_NON_LITERAL_NULL_CONVERSION = YES;
				CLANG_WARN_OBJC_IMPLICIT_RETAIN_SELF = YES;
				CLANG_WARN_OBJC_LITERAL_CONVERSION = YES;
				CLANG_WARN_OBJC_ROOT_CLASS = YES_ERROR;
				CLANG_WARN_QUOTED_INCLUDE_IN_FRAMEWORK_HEADER = YES;
				CLANG_WARN_RANGE_LOOP_ANALYSIS = YES;
				CLANG_WARN_STRICT_PROTOTYPES = YES;
				CLANG_WARN_SUSPICIOUS_MOVE = YES;
				CLANG_WARN_UNGUARDED_AVAILABILITY = YES_AGGRESSIVE;
				CLANG_WARN_UNREACHABLE_CODE = YES;
				CLANG_WARN__DUPLICATE_METHOD_MATCH = YES;
				COPY_PHASE_STRIP = NO;
				DEBUG_INFORMATION_FORMAT = dwarf;
				ENABLE_STRICT_OBJC_MSGSEND = YES;
				ENABLE_TESTABILITY = YES;
				ENABLE_USER_SCRIPT_SANDBOXING = YES;
				GCC_C_LANGUAGE_STANDARD = gnu17;
				GCC_DYNAMIC_NO_PIC = NO;
				GCC_NO_COMMON_BLOCKS = YES;
				GCC_OPTIMIZATION_LEVEL = 0;
				GCC_PREPROCESSOR_DEFINITIONS = (
					"DEBUG=1",
					"$(inherited)",
				);
				GCC_WARN_64_TO_32_BIT_CONVERSION = YES;
				GCC_WARN_ABOUT_RETURN_TYPE = YES_ERROR;
				GCC_WARN_UNDECLARED_SELECTOR = YES;
				GCC_WARN_UNINITIALIZED_AUTOS = YES_AGGRESSIVE;
				GCC_WARN_UNUSED_FUNCTION = YES;
				GCC_WARN_UNUSED_VARIABLE = YES;
				LOCALIZATION_PREFERS_STRING_CATALOGS = YES;
				MTL_ENABLE_DEBUG_INFO = INCLUDE_SOURCE;
				MTL_FAST_MATH = YES;
				ONLY_ACTIVE_ARCH = YES;
				SWIFT_ACTIVE_COMPILATION_CONDITIONS = "DEBUG $(inherited)";
				SWIFT_OPTIMIZATION_LEVEL = "-Onone";
			};
			name = Debug;
		};
		C9B679C22C331B14003CCF11 /* Release */ = {
			isa = XCBuildConfiguration;
			buildSettings = {
				ALWAYS_SEARCH_USER_PATHS = NO;
				ASSETCATALOG_COMPILER_GENERATE_SWIFT_ASSET_SYMBOL_EXTENSIONS = YES;
				CLANG_ANALYZER_NONNULL = YES;
				CLANG_ANALYZER_NUMBER_OBJECT_CONVERSION = YES_AGGRESSIVE;
				CLANG_CXX_LANGUAGE_STANDARD = "gnu++20";
				CLANG_ENABLE_MODULES = YES;
				CLANG_ENABLE_OBJC_ARC = YES;
				CLANG_ENABLE_OBJC_WEAK = YES;
				CLANG_WARN_BLOCK_CAPTURE_AUTORELEASING = YES;
				CLANG_WARN_BOOL_CONVERSION = YES;
				CLANG_WARN_COMMA = YES;
				CLANG_WARN_CONSTANT_CONVERSION = YES;
				CLANG_WARN_DEPRECATED_OBJC_IMPLEMENTATIONS = YES;
				CLANG_WARN_DIRECT_OBJC_ISA_USAGE = YES_ERROR;
				CLANG_WARN_DOCUMENTATION_COMMENTS = YES;
				CLANG_WARN_EMPTY_BODY = YES;
				CLANG_WARN_ENUM_CONVERSION = YES;
				CLANG_WARN_INFINITE_RECURSION = YES;
				CLANG_WARN_INT_CONVERSION = YES;
				CLANG_WARN_NON_LITERAL_NULL_CONVERSION = YES;
				CLANG_WARN_OBJC_IMPLICIT_RETAIN_SELF = YES;
				CLANG_WARN_OBJC_LITERAL_CONVERSION = YES;
				CLANG_WARN_OBJC_ROOT_CLASS = YES_ERROR;
				CLANG_WARN_QUOTED_INCLUDE_IN_FRAMEWORK_HEADER = YES;
				CLANG_WARN_RANGE_LOOP_ANALYSIS = YES;
				CLANG_WARN_STRICT_PROTOTYPES = YES;
				CLANG_WARN_SUSPICIOUS_MOVE = YES;
				CLANG_WARN_UNGUARDED_AVAILABILITY = YES_AGGRESSIVE;
				CLANG_WARN_UNREACHABLE_CODE = YES;
				CLANG_WARN__DUPLICATE_METHOD_MATCH = YES;
				COPY_PHASE_STRIP = NO;
				DEBUG_INFORMATION_FORMAT = "dwarf-with-dsym";
				ENABLE_NS_ASSERTIONS = NO;
				ENABLE_STRICT_OBJC_MSGSEND = YES;
				ENABLE_USER_SCRIPT_SANDBOXING = YES;
				GCC_C_LANGUAGE_STANDARD = gnu17;
				GCC_NO_COMMON_BLOCKS = YES;
				GCC_WARN_64_TO_32_BIT_CONVERSION = YES;
				GCC_WARN_ABOUT_RETURN_TYPE = YES_ERROR;
				GCC_WARN_UNDECLARED_SELECTOR = YES;
				GCC_WARN_UNINITIALIZED_AUTOS = YES_AGGRESSIVE;
				GCC_WARN_UNUSED_FUNCTION = YES;
				GCC_WARN_UNUSED_VARIABLE = YES;
				LOCALIZATION_PREFERS_STRING_CATALOGS = YES;
				MTL_ENABLE_DEBUG_INFO = NO;
				MTL_FAST_MATH = YES;
				SWIFT_COMPILATION_MODE = wholemodule;
			};
			name = Release;
		};
		C9B679C42C331B14003CCF11 /* Debug */ = {
			isa = XCBuildConfiguration;
			buildSettings = {
				ASSETCATALOG_COMPILER_APPICON_NAME = AppIcon;
				ASSETCATALOG_COMPILER_GLOBAL_ACCENT_COLOR_NAME = AccentColor;
				CODE_SIGN_ENTITLEMENTS = "AEC-II/AEC_II.entitlements";
				CODE_SIGN_STYLE = Automatic;
				CURRENT_PROJECT_VERSION = 1;
				DEVELOPMENT_ASSET_PATHS = "\"AEC-II/Preview Content\"";
				ENABLE_PREVIEWS = YES;
				GENERATE_INFOPLIST_FILE = YES;
				"INFOPLIST_KEY_UIApplicationSceneManifest_Generation[sdk=iphoneos*]" = YES;
				"INFOPLIST_KEY_UIApplicationSceneManifest_Generation[sdk=iphonesimulator*]" = YES;
				"INFOPLIST_KEY_UIApplicationSupportsIndirectInputEvents[sdk=iphoneos*]" = YES;
				"INFOPLIST_KEY_UIApplicationSupportsIndirectInputEvents[sdk=iphonesimulator*]" = YES;
				"INFOPLIST_KEY_UILaunchScreen_Generation[sdk=iphoneos*]" = YES;
				"INFOPLIST_KEY_UILaunchScreen_Generation[sdk=iphonesimulator*]" = YES;
				"INFOPLIST_KEY_UIStatusBarStyle[sdk=iphoneos*]" = UIStatusBarStyleDefault;
				"INFOPLIST_KEY_UIStatusBarStyle[sdk=iphonesimulator*]" = UIStatusBarStyleDefault;
				INFOPLIST_KEY_UISupportedInterfaceOrientations_iPad = "UIInterfaceOrientationPortrait UIInterfaceOrientationPortraitUpsideDown UIInterfaceOrientationLandscapeLeft UIInterfaceOrientationLandscapeRight";
				INFOPLIST_KEY_UISupportedInterfaceOrientations_iPhone = "UIInterfaceOrientationPortrait UIInterfaceOrientationLandscapeLeft UIInterfaceOrientationLandscapeRight";
				IPHONEOS_DEPLOYMENT_TARGET = 17.2;
				LD_RUNPATH_SEARCH_PATHS = "@executable_path/Frameworks";
				"LD_RUNPATH_SEARCH_PATHS[sdk=macosx*]" = "@executable_path/../Frameworks";
				MACOSX_DEPLOYMENT_TARGET = 14.2;
				MARKETING_VERSION = 1.0;
				PRODUCT_BUNDLE_IDENTIFIER = "Big-Sur.AEC-II";
				PRODUCT_NAME = "$(TARGET_NAME)";
				SDKROOT = auto;
				SUPPORTED_PLATFORMS = "iphoneos iphonesimulator macosx";
				SWIFT_EMIT_LOC_STRINGS = YES;
				SWIFT_VERSION = 5.0;
				TARGETED_DEVICE_FAMILY = "1,2";
			};
			name = Debug;
		};
		C9B679C52C331B14003CCF11 /* Release */ = {
			isa = XCBuildConfiguration;
			buildSettings = {
				ASSETCATALOG_COMPILER_APPICON_NAME = AppIcon;
				ASSETCATALOG_COMPILER_GLOBAL_ACCENT_COLOR_NAME = AccentColor;
				CODE_SIGN_ENTITLEMENTS = "AEC-II/AEC_II.entitlements";
				CODE_SIGN_STYLE = Automatic;
				CURRENT_PROJECT_VERSION = 1;
				DEVELOPMENT_ASSET_PATHS = "\"AEC-II/Preview Content\"";
				ENABLE_PREVIEWS = YES;
				GENERATE_INFOPLIST_FILE = YES;
				"INFOPLIST_KEY_UIApplicationSceneManifest_Generation[sdk=iphoneos*]" = YES;
				"INFOPLIST_KEY_UIApplicationSceneManifest_Generation[sdk=iphonesimulator*]" = YES;
				"INFOPLIST_KEY_UIApplicationSupportsIndirectInputEvents[sdk=iphoneos*]" = YES;
				"INFOPLIST_KEY_UIApplicationSupportsIndirectInputEvents[sdk=iphonesimulator*]" = YES;
				"INFOPLIST_KEY_UILaunchScreen_Generation[sdk=iphoneos*]" = YES;
				"INFOPLIST_KEY_UILaunchScreen_Generation[sdk=iphonesimulator*]" = YES;
				"INFOPLIST_KEY_UIStatusBarStyle[sdk=iphoneos*]" = UIStatusBarStyleDefault;
				"INFOPLIST_KEY_UIStatusBarStyle[sdk=iphonesimulator*]" = UIStatusBarStyleDefault;
				INFOPLIST_KEY_UISupportedInterfaceOrientations_iPad = "UIInterfaceOrientationPortrait UIInterfaceOrientationPortraitUpsideDown UIInterfaceOrientationLandscapeLeft UIInterfaceOrientationLandscapeRight";
				INFOPLIST_KEY_UISupportedInterfaceOrientations_iPhone = "UIInterfaceOrientationPortrait UIInterfaceOrientationLandscapeLeft UIInterfaceOrientationLandscapeRight";
				IPHONEOS_DEPLOYMENT_TARGET = 17.2;
				LD_RUNPATH_SEARCH_PATHS = "@executable_path/Frameworks";
				"LD_RUNPATH_SEARCH_PATHS[sdk=macosx*]" = "@executable_path/../Frameworks";
				MACOSX_DEPLOYMENT_TARGET = 14.2;
				MARKETING_VERSION = 1.0;
				PRODUCT_BUNDLE_IDENTIFIER = "Big-Sur.AEC-II";
				PRODUCT_NAME = "$(TARGET_NAME)";
				SDKROOT = auto;
				SUPPORTED_PLATFORMS = "iphoneos iphonesimulator macosx";
				SWIFT_EMIT_LOC_STRINGS = YES;
				SWIFT_VERSION = 5.0;
				TARGETED_DEVICE_FAMILY = "1,2";
			};
			name = Release;
		};
		C9B679C72C331B14003CCF11 /* Debug */ = {
			isa = XCBuildConfiguration;
			buildSettings = {
				ALWAYS_EMBED_SWIFT_STANDARD_LIBRARIES = YES;
				BUNDLE_LOADER = "$(TEST_HOST)";
				CODE_SIGN_STYLE = Automatic;
				CURRENT_PROJECT_VERSION = 1;
				GENERATE_INFOPLIST_FILE = YES;
				IPHONEOS_DEPLOYMENT_TARGET = 17.2;
				MACOSX_DEPLOYMENT_TARGET = 14.2;
				MARKETING_VERSION = 1.0;
				PRODUCT_BUNDLE_IDENTIFIER = "Big-Sur.AEC-IITests";
				PRODUCT_NAME = "$(TARGET_NAME)";
				SDKROOT = auto;
				SUPPORTED_PLATFORMS = "iphoneos iphonesimulator macosx";
				SWIFT_EMIT_LOC_STRINGS = NO;
				SWIFT_VERSION = 5.0;
				TARGETED_DEVICE_FAMILY = "1,2";
				TEST_HOST = "$(BUILT_PRODUCTS_DIR)/AEC-II.app/$(BUNDLE_EXECUTABLE_FOLDER_PATH)/AEC-II";
			};
			name = Debug;
		};
		C9B679C82C331B14003CCF11 /* Release */ = {
			isa = XCBuildConfiguration;
			buildSettings = {
				ALWAYS_EMBED_SWIFT_STANDARD_LIBRARIES = YES;
				BUNDLE_LOADER = "$(TEST_HOST)";
				CODE_SIGN_STYLE = Automatic;
				CURRENT_PROJECT_VERSION = 1;
				GENERATE_INFOPLIST_FILE = YES;
				IPHONEOS_DEPLOYMENT_TARGET = 17.2;
				MACOSX_DEPLOYMENT_TARGET = 14.2;
				MARKETING_VERSION = 1.0;
				PRODUCT_BUNDLE_IDENTIFIER = "Big-Sur.AEC-IITests";
				PRODUCT_NAME = "$(TARGET_NAME)";
				SDKROOT = auto;
				SUPPORTED_PLATFORMS = "iphoneos iphonesimulator macosx";
				SWIFT_EMIT_LOC_STRINGS = NO;
				SWIFT_VERSION = 5.0;
				TARGETED_DEVICE_FAMILY = "1,2";
				TEST_HOST = "$(BUILT_PRODUCTS_DIR)/AEC-II.app/$(BUNDLE_EXECUTABLE_FOLDER_PATH)/AEC-II";
			};
			name = Release;
		};
		C9B679CA2C331B14003CCF11 /* Debug */ = {
			isa = XCBuildConfiguration;
			buildSettings = {
				ALWAYS_EMBED_SWIFT_STANDARD_LIBRARIES = YES;
				CODE_SIGN_STYLE = Automatic;
				CURRENT_PROJECT_VERSION = 1;
				GENERATE_INFOPLIST_FILE = YES;
				IPHONEOS_DEPLOYMENT_TARGET = 17.2;
				MACOSX_DEPLOYMENT_TARGET = 14.2;
				MARKETING_VERSION = 1.0;
				PRODUCT_BUNDLE_IDENTIFIER = "Big-Sur.AEC-IIUITests";
				PRODUCT_NAME = "$(TARGET_NAME)";
				SDKROOT = auto;
				SUPPORTED_PLATFORMS = "iphoneos iphonesimulator macosx";
				SWIFT_EMIT_LOC_STRINGS = NO;
				SWIFT_VERSION = 5.0;
				TARGETED_DEVICE_FAMILY = "1,2";
				TEST_TARGET_NAME = "AEC-II";
			};
			name = Debug;
		};
		C9B679CB2C331B14003CCF11 /* Release */ = {
			isa = XCBuildConfiguration;
			buildSettings = {
				ALWAYS_EMBED_SWIFT_STANDARD_LIBRARIES = YES;
				CODE_SIGN_STYLE = Automatic;
				CURRENT_PROJECT_VERSION = 1;
				GENERATE_INFOPLIST_FILE = YES;
				IPHONEOS_DEPLOYMENT_TARGET = 17.2;
				MACOSX_DEPLOYMENT_TARGET = 14.2;
				MARKETING_VERSION = 1.0;
				PRODUCT_BUNDLE_IDENTIFIER = "Big-Sur.AEC-IIUITests";
				PRODUCT_NAME = "$(TARGET_NAME)";
				SDKROOT = auto;
				SUPPORTED_PLATFORMS = "iphoneos iphonesimulator macosx";
				SWIFT_EMIT_LOC_STRINGS = NO;
				SWIFT_VERSION = 5.0;
				TARGETED_DEVICE_FAMILY = "1,2";
				TEST_TARGET_NAME = "AEC-II";
			};
			name = Release;
		};
/* End XCBuildConfiguration section */

/* Begin XCConfigurationList section */
		C9B679992C331B11003CCF11 /* Build configuration list for PBXProject "AEC-II" */ = {
			isa = XCConfigurationList;
			buildConfigurations = (
				C9B679C12C331B14003CCF11 /* Debug */,
				C9B679C22C331B14003CCF11 /* Release */,
			);
			defaultConfigurationIsVisible = 0;
			defaultConfigurationName = Release;
		};
		C9B679C32C331B14003CCF11 /* Build configuration list for PBXNativeTarget "AEC-II" */ = {
			isa = XCConfigurationList;
			buildConfigurations = (
				C9B679C42C331B14003CCF11 /* Debug */,
				C9B679C52C331B14003CCF11 /* Release */,
			);
			defaultConfigurationIsVisible = 0;
			defaultConfigurationName = Release;
		};
		C9B679C62C331B14003CCF11 /* Build configuration list for PBXNativeTarget "AEC-IITests" */ = {
			isa = XCConfigurationList;
			buildConfigurations = (
				C9B679C72C331B14003CCF11 /* Debug */,
				C9B679C82C331B14003CCF11 /* Release */,
			);
			defaultConfigurationIsVisible = 0;
			defaultConfigurationName = Release;
		};
		C9B679C92C331B14003CCF11 /* Build configuration list for PBXNativeTarget "AEC-IIUITests" */ = {
			isa = XCConfigurationList;
			buildConfigurations = (
				C9B679CA2C331B14003CCF11 /* Debug */,
				C9B679CB2C331B14003CCF11 /* Release */,
			);
			defaultConfigurationIsVisible = 0;
			defaultConfigurationName = Release;
		};
/* End XCConfigurationList section */
	};
	rootObject = C9B679962C331B11003CCF11 /* Project object */;
}
